# This is a Gradle generated file for dependency locking.
# Manual edits can break the build and are not advised.
# This file is expected to be part of source control.
antlr:antlr:2.7.7=annotationProcessor,compileClasspath,generatedJenkinsTestCompileClasspath,generatedJenkinsTestRuntimeClasspath,testCompileClasspath,testRuntimeClasspath
args4j:args4j:2.33=annotationProcessor,compileClasspath,generatedJenkinsTestCompileClasspath,generatedJenkinsTestRuntimeClasspath,testCompileClasspath,testRuntimeClasspath
com.cloudbees:diff4j:1.3=jpiAllPlugins,serverRuntimeClasspathJenkins,testCompileClasspath,testRuntimeClasspath,testRuntimeClasspathJenkins
com.cloudbees:groovy-cps:1.32=jpiAllPlugins,serverRuntimeClasspathJenkins,testCompileClasspath,testRuntimeClasspath,testRuntimeClasspathJenkins
com.fasterxml.jackson.core:jackson-annotations:2.13.3=jpiAllPlugins,serverRuntimeClasspathJenkins,testCompileClasspath,testRuntimeClasspath,testRuntimeClasspathJenkins
com.fasterxml.jackson.core:jackson-core:2.13.3=jpiAllPlugins,serverRuntimeClasspathJenkins,testCompileClasspath,testRuntimeClasspath,testRuntimeClasspathJenkins
com.fasterxml.jackson.core:jackson-databind:2.13.3=jpiAllPlugins,serverRuntimeClasspathJenkins,testCompileClasspath,testRuntimeClasspath,testRuntimeClasspathJenkins
com.fasterxml.jackson.dataformat:jackson-dataformat-cbor:2.13.3=jpiAllPlugins,serverRuntimeClasspathJenkins,testCompileClasspath,testRuntimeClasspath,testRuntimeClasspathJenkins
com.fasterxml.jackson.dataformat:jackson-dataformat-xml:2.13.3=jpiAllPlugins,serverRuntimeClasspathJenkins,testCompileClasspath,testRuntimeClasspath,testRuntimeClasspathJenkins
com.fasterxml.jackson.dataformat:jackson-dataformat-yaml:2.13.3=jpiAllPlugins,serverRuntimeClasspathJenkins,testCompileClasspath,testRuntimeClasspath,testRuntimeClasspathJenkins
com.fasterxml.jackson.datatype:jackson-datatype-jdk8:2.13.3=jpiAllPlugins,serverRuntimeClasspathJenkins,testCompileClasspath,testRuntimeClasspath,testRuntimeClasspathJenkins
com.fasterxml.jackson.datatype:jackson-datatype-json-org:2.13.3=jpiAllPlugins,serverRuntimeClasspathJenkins,testCompileClasspath,testRuntimeClasspath,testRuntimeClasspathJenkins
com.fasterxml.jackson.datatype:jackson-datatype-jsr310:2.13.3=jpiAllPlugins,serverRuntimeClasspathJenkins,testCompileClasspath,testRuntimeClasspath,testRuntimeClasspathJenkins
com.fasterxml.jackson.module:jackson-module-jaxb-annotations:2.13.3=jpiAllPlugins,serverRuntimeClasspathJenkins,testCompileClasspath,testRuntimeClasspath,testRuntimeClasspathJenkins
com.fasterxml.jackson.module:jackson-module-parameter-names:2.13.3=jpiAllPlugins,serverRuntimeClasspathJenkins,testCompileClasspath,testRuntimeClasspath,testRuntimeClasspathJenkins
com.fasterxml.jackson:jackson-bom:2.13.3=testCompileClasspath,testRuntimeClasspath
com.fasterxml.woodstox:woodstox-core:6.2.7=testCompileClasspath,testRuntimeClasspath
com.github.ben-manes.caffeine:caffeine:2.9.3=compileClasspath,jpiAllPlugins,serverRuntimeClasspathJenkins,testCompileClasspath,testRuntimeClasspath,testRuntimeClasspathJenkins
com.github.java-json-tools:btf:1.3=testCompileClasspath,testRuntimeClasspath
com.github.java-json-tools:jackson-coreutils-equivalence:1.0=testCompileClasspath,testRuntimeClasspath
com.github.java-json-tools:jackson-coreutils:2.0=testCompileClasspath,testRuntimeClasspath
com.github.java-json-tools:json-schema-core:1.2.14=testCompileClasspath,testRuntimeClasspath
com.github.java-json-tools:json-schema-validator:2.2.14=jpiAllPlugins,serverRuntimeClasspathJenkins,testCompileClasspath,testRuntimeClasspath,testRuntimeClasspathJenkins
com.github.java-json-tools:msg-simple:1.2=testCompileClasspath,testRuntimeClasspath
com.github.java-json-tools:uri-template:0.10=testCompileClasspath,testRuntimeClasspath
com.github.jnr:jffi:1.3.9=annotationProcessor,compileClasspath,generatedJenkinsTestCompileClasspath,generatedJenkinsTestRuntimeClasspath,testCompileClasspath,testRuntimeClasspath
com.github.jnr:jnr-a64asm:1.0.0=annotationProcessor,compileClasspath,generatedJenkinsTestCompileClasspath,generatedJenkinsTestRuntimeClasspath,testCompileClasspath,testRuntimeClasspath
com.github.jnr:jnr-constants:0.10.3=annotationProcessor,compileClasspath,generatedJenkinsTestCompileClasspath,generatedJenkinsTestRuntimeClasspath,testCompileClasspath,testRuntimeClasspath
com.github.jnr:jnr-ffi:2.2.11=annotationProcessor,compileClasspath,generatedJenkinsTestCompileClasspath,generatedJenkinsTestRuntimeClasspath,testCompileClasspath,testRuntimeClasspath
com.github.jnr:jnr-posix:3.1.15=annotationProcessor,compileClasspath,generatedJenkinsTestCompileClasspath,generatedJenkinsTestRuntimeClasspath,testCompileClasspath,testRuntimeClasspath
com.github.jnr:jnr-x86asm:1.0.2=annotationProcessor,compileClasspath,generatedJenkinsTestCompileClasspath,generatedJenkinsTestRuntimeClasspath,testCompileClasspath,testRuntimeClasspath
com.github.spotbugs:spotbugs-annotations:4.2.0=jenkinsAccessModifier
com.github.spotbugs:spotbugs-annotations:4.5.2=annotationProcessor,compileClasspath,generatedJenkinsTestCompileClasspath,generatedJenkinsTestRuntimeClasspath,testCompileClasspath,testRuntimeClasspath
com.google.code.findbugs:annotations:3.0.0=compileClasspath,testCompileClasspath
com.google.code.findbugs:jsr305:3.0.2=annotationProcessor,compileClasspath,generatedJenkinsTestCompileClasspath,generatedJenkinsTestRuntimeClasspath,jenkinsAccessModifier,testCompileClasspath,testRuntimeClasspath
com.google.code.gson:gson:2.8.7=testCompileClasspath,testRuntimeClasspath
com.google.crypto.tink:tink:1.5.0=testCompileClasspath,testRuntimeClasspath
com.google.errorprone:error_prone_annotations:2.7.1=annotationProcessor,compileClasspath,generatedJenkinsTestCompileClasspath,generatedJenkinsTestRuntimeClasspath,testCompileClasspath,testRuntimeClasspath
com.google.guava:failureaccess:1.0.1=annotationProcessor,compileClasspath,generatedJenkinsTestCompileClasspath,generatedJenkinsTestRuntimeClasspath,testCompileClasspath,testRuntimeClasspath
com.google.guava:guava:31.0.1-jre=annotationProcessor,compileClasspath,generatedJenkinsTestCompileClasspath,generatedJenkinsTestRuntimeClasspath,testCompileClasspath,testRuntimeClasspath
com.google.guava:listenablefuture:9999.0-empty-to-avoid-conflict-with-guava=annotationProcessor,compileClasspath,generatedJenkinsTestCompileClasspath,generatedJenkinsTestRuntimeClasspath,testCompileClasspath,testRuntimeClasspath
com.google.inject:guice:5.0.1=annotationProcessor,compileClasspath,generatedJenkinsTestCompileClasspath,generatedJenkinsTestRuntimeClasspath,testCompileClasspath,testRuntimeClasspath
com.google.j2objc:j2objc-annotations:1.3=annotationProcessor,compileClasspath,generatedJenkinsTestCompileClasspath,generatedJenkinsTestRuntimeClasspath,testCompileClasspath,testRuntimeClasspath
com.google.protobuf:protobuf-java:3.11.1=testCompileClasspath,testRuntimeClasspath
com.googlecode.javaewah:JavaEWAH:1.1.12=testCompileClasspath,testRuntimeClasspath
com.googlecode.libphonenumber:libphonenumber:8.11.1=testCompileClasspath,testRuntimeClasspath
com.infradna.tool:bridge-method-annotation:1.23=annotationProcessor,compileClasspath,generatedJenkinsTestCompileClasspath,generatedJenkinsTestRuntimeClasspath,testCompileClasspath,testRuntimeClasspath
com.jcraft:jsch:0.1.55=jpiAllPlugins,serverRuntimeClasspathJenkins,testCompileClasspath,testRuntimeClasspath,testRuntimeClasspathJenkins
com.jcraft:jzlib:1.1.3-kohsuke-1=annotationProcessor,compileClasspath,generatedJenkinsTestCompileClasspath,generatedJenkinsTestRuntimeClasspath,testCompileClasspath,testRuntimeClasspath
com.shapesecurity:salvation:2.7.2=generatedJenkinsTestCompileClasspath,generatedJenkinsTestRuntimeClasspath,jenkinsTestGeneration,testCompileClasspath,testRuntimeClasspath
com.squareup:javapoet:1.13.0=jenkinsTestGeneration
com.sun.activation:javax.activation:1.2.0=jpiAllPlugins,serverRuntimeClasspathJenkins,testCompileClasspath,testRuntimeClasspath,testRuntimeClasspathJenkins
com.sun.mail:javax.mail:1.6.2=jpiAllPlugins,serverRuntimeClasspathJenkins,testCompileClasspath,testRuntimeClasspath,testRuntimeClasspathJenkins
com.sun.mail:mailapi:1.6.2=testCompileClasspath,testRuntimeClasspath
com.sun.solaris:embedded_su4j:1.1=annotationProcessor,compileClasspath,generatedJenkinsTestCompileClasspath,generatedJenkinsTestRuntimeClasspath,testCompileClasspath,testRuntimeClasspath
com.sun.xml.bind:jaxb-impl:2.3.6=jpiAllPlugins,serverRuntimeClasspathJenkins,testCompileClasspath,testRuntimeClasspath,testRuntimeClasspathJenkins
com.sun.xml.txw2:txw2:20110809=annotationProcessor,compileClasspath,generatedJenkinsTestCompileClasspath,generatedJenkinsTestRuntimeClasspath,testCompileClasspath,testRuntimeClasspath
com.thoughtworks.xstream:xstream:1.4.18=annotationProcessor,compileClasspath,generatedJenkinsTestCompileClasspath,generatedJenkinsTestRuntimeClasspath,testCompileClasspath,testRuntimeClasspath
commons-beanutils:commons-beanutils:1.9.4=annotationProcessor,compileClasspath,generatedJenkinsTestCompileClasspath,generatedJenkinsTestRuntimeClasspath,testCompileClasspath,testRuntimeClasspath
commons-codec:commons-codec:1.15=annotationProcessor,compileClasspath,generatedJenkinsTestCompileClasspath,generatedJenkinsTestRuntimeClasspath,testCompileClasspath,testRuntimeClasspath
commons-collections:commons-collections:3.2.2=annotationProcessor,compileClasspath,generatedJenkinsTestCompileClasspath,generatedJenkinsTestRuntimeClasspath,testCompileClasspath,testRuntimeClasspath
commons-discovery:commons-discovery:0.5=annotationProcessor,compileClasspath,generatedJenkinsTestCompileClasspath,generatedJenkinsTestRuntimeClasspath,testCompileClasspath,testRuntimeClasspath
commons-fileupload:commons-fileupload:1.4=annotationProcessor,compileClasspath,generatedJenkinsTestCompileClasspath,generatedJenkinsTestRuntimeClasspath,testCompileClasspath,testRuntimeClasspath
commons-httpclient:commons-httpclient:3.1-jenkins-3=annotationProcessor,compileClasspath,generatedJenkinsTestCompileClasspath,generatedJenkinsTestRuntimeClasspath,testCompileClasspath,testRuntimeClasspath
commons-io:commons-io:2.11.0=annotationProcessor,compileClasspath,generatedJenkinsTestCompileClasspath,generatedJenkinsTestRuntimeClasspath,testCompileClasspath,testRuntimeClasspath
commons-jelly:commons-jelly-tags-fmt:1.0=annotationProcessor,compileClasspath,generatedJenkinsTestCompileClasspath,generatedJenkinsTestRuntimeClasspath,testCompileClasspath,testRuntimeClasspath
commons-jelly:commons-jelly-tags-xml:1.1=annotationProcessor,compileClasspath,generatedJenkinsTestCompileClasspath,generatedJenkinsTestRuntimeClasspath,testCompileClasspath,testRuntimeClasspath
commons-lang:commons-lang:2.6=annotationProcessor,compileClasspath,generatedJenkinsTestCompileClasspath,generatedJenkinsTestRuntimeClasspath,testCompileClasspath,testRuntimeClasspath
commons-logging:commons-logging:1.2=annotationProcessor,compileClasspath,generatedJenkinsTestCompileClasspath,generatedJenkinsTestRuntimeClasspath,jenkinsTestGeneration,testCompileClasspath,testRuntimeClasspath
commons-net:commons-net:3.6=generatedJenkinsTestCompileClasspath,generatedJenkinsTestRuntimeClasspath,jenkinsTestGeneration,testCompileClasspath,testRuntimeClasspath
io.github.x-stream:mxparser:1.2.2=annotationProcessor,compileClasspath,generatedJenkinsTestCompileClasspath,generatedJenkinsTestRuntimeClasspath,testCompileClasspath,testRuntimeClasspath
io.jenkins.lib:support-log-formatter:1.0=generatedJenkinsTestCompileClasspath,generatedJenkinsTestRuntimeClasspath,jenkinsTestGeneration,testCompileClasspath,testRuntimeClasspath
io.jenkins.plugins:caffeine-api:2.9.3-65.v6a_47d0f4d1fe=compileClasspath,jpiAllPlugins,serverRuntimeClasspathJenkins,testCompileClasspath,testRuntimeClasspath,testRuntimeClasspathJenkins
io.jenkins.plugins:javax-activation-api:1.2.0-3=jpiAllPlugins,serverRuntimeClasspathJenkins,testCompileClasspath,testRuntimeClasspath,testRuntimeClasspathJenkins
io.jenkins.plugins:javax-mail-api:1.6.2-6=jpiAllPlugins,serverRuntimeClasspathJenkins,testCompileClasspath,testRuntimeClasspath,testRuntimeClasspathJenkins
io.jenkins.plugins:jaxb:2.3.6-1=jpiAllPlugins,serverRuntimeClasspathJenkins,testCompileClasspath,testRuntimeClasspath,testRuntimeClasspathJenkins
io.jenkins.plugins:lib-durable-task:25.v6c906af81ee2=jpiAllPlugins,serverRuntimeClasspathJenkins,testCompileClasspath,testRuntimeClasspath,testRuntimeClasspathJenkins
io.jenkins.plugins:pipeline-groovy-lib:593.va_a_fc25d520e9=jpiAllPlugins,serverRuntimeClasspathJenkins,testCompileClasspath,testRuntimeClasspath,testRuntimeClasspathJenkins
io.jenkins.plugins:snakeyaml-api:1.30.2-76.vc104f7ce9870=jpiAllPlugins,serverRuntimeClasspathJenkins,testCompileClasspath,testRuntimeClasspath,testRuntimeClasspathJenkins
io.jenkins.stapler:jenkins-stapler-support:1.1=annotationProcessor,compileClasspath,generatedJenkinsTestCompileClasspath,generatedJenkinsTestRuntimeClasspath,testCompileClasspath,testRuntimeClasspath
io.jenkins.tools.bom:bom-2.332.x:1478.v81d3dc4f9a_43=compileClasspath,jpiAllPlugins,runtimeClasspath,runtimeClasspathJenkins,serverRuntimeClasspathJenkins,testCompileClasspath,testRuntimeClasspath,testRuntimeClasspathJenkins
jakarta.annotation:jakarta.annotation-api:2.0.0=annotationProcessor,compileClasspath,generatedJenkinsTestCompileClasspath,generatedJenkinsTestRuntimeClasspath,testCompileClasspath,testRuntimeClasspath
jakarta.servlet.jsp.jstl:jakarta.servlet.jsp.jstl-api:1.2.7=annotationProcessor,compileClasspath,generatedJenkinsTestCompileClasspath,generatedJenkinsTestRuntimeClasspath,testCompileClasspath,testRuntimeClasspath
javax.activation:javax.activation-api:1.2.0=testRuntimeClasspath
javax.annotation:javax.annotation-api:1.3.2=annotationProcessor,compileClasspath,generatedJenkinsTestCompileClasspath,generatedJenkinsTestRuntimeClasspath,testCompileClasspath,testRuntimeClasspath
javax.inject:javax.inject:1=annotationProcessor,compileClasspath,generatedJenkinsTestCompileClasspath,generatedJenkinsTestRuntimeClasspath,testCompileClasspath,testRuntimeClasspath
javax.servlet:javax.servlet-api:3.1.0=annotationProcessor,compileClasspath,generatedJenkinsTestCompileClasspath,generatedJenkinsTestRuntimeClasspath,jenkinsTestGeneration,testCompileClasspath,testRuntimeClasspath
javax.xml.bind:jaxb-api:2.2.12=annotationProcessor,generatedJenkinsTestRuntimeClasspath
javax.xml.bind:jaxb-api:2.3.1=jpiAllPlugins,serverRuntimeClasspathJenkins,testCompileClasspath,testRuntimeClasspath,testRuntimeClasspathJenkins
javax.xml.stream:stax-api:1.0-2=annotationProcessor,generatedJenkinsTestRuntimeClasspath,testRuntimeClasspath
jaxen:jaxen:1.2.0=annotationProcessor,compileClasspath,generatedJenkinsTestCompileClasspath,generatedJenkinsTestRuntimeClasspath,testCompileClasspath,testRuntimeClasspath
jline:jline:2.14.6=annotationProcessor,compileClasspath,generatedJenkinsTestCompileClasspath,generatedJenkinsTestRuntimeClasspath,testCompileClasspath,testRuntimeClasspath
joda-time:joda-time:2.10.5=testCompileClasspath,testRuntimeClasspath
junit:junit:4.13.1=generatedJenkinsTestCompileClasspath,generatedJenkinsTestRuntimeClasspath,jenkinsTestGeneration,testCompileClasspath,testRuntimeClasspath
net.bytebuddy:byte-buddy-agent:1.12.10=testCompileClasspath,testRuntimeClasspath
net.bytebuddy:byte-buddy:1.12.10=testCompileClasspath,testRuntimeClasspath
net.i2p.crypto:eddsa:0.3.0=testCompileClasspath,testRuntimeClasspath
net.java.dev.jna:jna:5.10.0=annotationProcessor,compileClasspath,generatedJenkinsTestCompileClasspath,generatedJenkinsTestRuntimeClasspath,testCompileClasspath,testRuntimeClasspath
net.java.dev.msv:xsdlib:2013.6.1=annotationProcessor,generatedJenkinsTestRuntimeClasspath,testRuntimeClasspath
net.java.sezpoz:sezpoz:1.13=annotationProcessor,compileClasspath,generatedJenkinsTestCompileClasspath,generatedJenkinsTestRuntimeClasspath,testCompileClasspath,testRuntimeClasspath
net.jcip:jcip-annotations:1.0=annotationProcessor,compileClasspath,generatedJenkinsTestCompileClasspath,generatedJenkinsTestRuntimeClasspath,testCompileClasspath,testRuntimeClasspath
net.sf.ezmorph:ezmorph:1.0.6=annotationProcessor,compileClasspath,generatedJenkinsTestCompileClasspath,generatedJenkinsTestRuntimeClasspath,testCompileClasspath,testRuntimeClasspath
net.sf.jopt-simple:jopt-simple:4.6=generatedJenkinsTestCompileClasspath,generatedJenkinsTestRuntimeClasspath,jenkinsTestGeneration
net.sf.jopt-simple:jopt-simple:5.0.4=testCompileClasspath,testRuntimeClasspath
net.sf.kxml:kxml2:2.3.0=annotationProcessor,compileClasspath,generatedJenkinsTestCompileClasspath,generatedJenkinsTestRuntimeClasspath,testCompileClasspath,testRuntimeClasspath
org.antlr:antlr4-runtime:4.9.3=jpiAllPlugins,serverRuntimeClasspathJenkins,testCompileClasspath,testRuntimeClasspath,testRuntimeClasspathJenkins
org.apache.ant:ant-launcher:1.10.12=annotationProcessor,compileClasspath,generatedJenkinsTestCompileClasspath,generatedJenkinsTestRuntimeClasspath,testCompileClasspath,testRuntimeClasspath
org.apache.ant:ant:1.10.12=annotationProcessor,compileClasspath,generatedJenkinsTestCompileClasspath,generatedJenkinsTestRuntimeClasspath,testCompileClasspath,testRuntimeClasspath
org.apache.commons:commons-compress:1.21=annotationProcessor,compileClasspath,generatedJenkinsTestCompileClasspath,generatedJenkinsTestRuntimeClasspath,testCompileClasspath,testRuntimeClasspath
org.apache.commons:commons-math3:3.2=generatedJenkinsTestCompileClasspath,generatedJenkinsTestRuntimeClasspath,jenkinsTestGeneration,testCompileClasspath,testRuntimeClasspath
org.apache.httpcomponents:fluent-hc:4.5.13=jpiAllPlugins,serverRuntimeClasspathJenkins,testCompileClasspath,testRuntimeClasspath,testRuntimeClasspathJenkins
org.apache.httpcomponents:httpasyncclient-cache:4.1.4=jpiAllPlugins,serverRuntimeClasspathJenkins,testCompileClasspath,testRuntimeClasspath,testRuntimeClasspathJenkins
org.apache.httpcomponents:httpasyncclient:4.1.4=jpiAllPlugins,serverRuntimeClasspathJenkins,testCompileClasspath,testRuntimeClasspath,testRuntimeClasspathJenkins
org.apache.httpcomponents:httpclient-cache:4.5.13=jpiAllPlugins,serverRuntimeClasspathJenkins,testCompileClasspath,testRuntimeClasspath,testRuntimeClasspathJenkins
org.apache.httpcomponents:httpclient:4.5.13=jpiAllPlugins,serverRuntimeClasspathJenkins,testCompileClasspath,testRuntimeClasspath,testRuntimeClasspathJenkins
org.apache.httpcomponents:httpcore-nio:4.4.14=jpiAllPlugins,serverRuntimeClasspathJenkins,testCompileClasspath,testRuntimeClasspath,testRuntimeClasspathJenkins
org.apache.httpcomponents:httpcore:4.4.14=jpiAllPlugins,serverRuntimeClasspathJenkins,testCompileClasspath,testRuntimeClasspath,testRuntimeClasspathJenkins
org.apache.httpcomponents:httpmime:4.5.13=jpiAllPlugins,serverRuntimeClasspathJenkins,testCompileClasspath,testRuntimeClasspath,testRuntimeClasspathJenkins
org.apache.ivy:ivy:2.5.0=jpiAllPlugins,serverRuntimeClasspathJenkins,testCompileClasspath,testRuntimeClasspath,testRuntimeClasspathJenkins
org.apiguardian:apiguardian-api:1.1.2=testCompileClasspath
org.assertj:assertj-core:3.23.1=jpiAllPlugins,serverRuntimeClasspathJenkins,testCompileClasspath,testRuntimeClasspath,testRuntimeClasspathJenkins
org.brotli:dec:0.1.2=generatedJenkinsTestCompileClasspath,generatedJenkinsTestRuntimeClasspath,jenkinsTestGeneration,testCompileClasspath,testRuntimeClasspath
org.checkerframework:checker-qual:3.12.0=annotationProcessor,compileClasspath,generatedJenkinsTestCompileClasspath,generatedJenkinsTestRuntimeClasspath,testCompileClasspath,testRuntimeClasspath
org.codehaus.groovy:groovy-all:2.4.21=annotationProcessor,compileClasspath,generatedJenkinsTestCompileClasspath,generatedJenkinsTestRuntimeClasspath,testCompileClasspath,testRuntimeClasspath
org.codehaus.woodstox:stax2-api:4.2.1=testCompileClasspath,testRuntimeClasspath
org.connectbot.jbcrypt:jbcrypt:1.0.0=annotationProcessor,compileClasspath,generatedJenkinsTestCompileClasspath,generatedJenkinsTestRuntimeClasspath,testCompileClasspath,testRuntimeClasspath
org.dom4j:dom4j:2.1.3=annotationProcessor,compileClasspath,generatedJenkinsTestCompileClasspath,generatedJenkinsTestRuntimeClasspath,testCompileClasspath,testRuntimeClasspath
org.eclipse.jetty.websocket:websocket-api:9.4.39.v20210325=generatedJenkinsTestCompileClasspath,generatedJenkinsTestRuntimeClasspath,jenkinsTestGeneration,testCompileClasspath,testRuntimeClasspath
org.eclipse.jetty.websocket:websocket-client:9.4.39.v20210325=generatedJenkinsTestCompileClasspath,generatedJenkinsTestRuntimeClasspath,jenkinsTestGeneration,testCompileClasspath,testRuntimeClasspath
org.eclipse.jetty.websocket:websocket-common:9.4.39.v20210325=generatedJenkinsTestCompileClasspath,generatedJenkinsTestRuntimeClasspath,jenkinsTestGeneration,testCompileClasspath,testRuntimeClasspath
org.eclipse.jetty.websocket:websocket-server:9.4.39.v20210325=generatedJenkinsTestCompileClasspath,generatedJenkinsTestRuntimeClasspath,jenkinsTestGeneration,testCompileClasspath,testRuntimeClasspath
org.eclipse.jetty.websocket:websocket-servlet:9.4.39.v20210325=generatedJenkinsTestCompileClasspath,generatedJenkinsTestRuntimeClasspath,jenkinsTestGeneration,testCompileClasspath,testRuntimeClasspath
org.eclipse.jetty:jetty-client:9.4.39.v20210325=generatedJenkinsTestCompileClasspath,generatedJenkinsTestRuntimeClasspath,jenkinsTestGeneration,testCompileClasspath,testRuntimeClasspath
org.eclipse.jetty:jetty-http:9.4.39.v20210325=generatedJenkinsTestCompileClasspath,generatedJenkinsTestRuntimeClasspath,jenkinsTestGeneration,testCompileClasspath,testRuntimeClasspath
org.eclipse.jetty:jetty-io:9.4.39.v20210325=generatedJenkinsTestCompileClasspath,generatedJenkinsTestRuntimeClasspath,jenkinsTestGeneration,testCompileClasspath,testRuntimeClasspath
org.eclipse.jetty:jetty-security:9.4.39.v20210325=generatedJenkinsTestCompileClasspath,generatedJenkinsTestRuntimeClasspath,jenkinsTestGeneration,testCompileClasspath,testRuntimeClasspath
org.eclipse.jetty:jetty-server:9.4.39.v20210325=generatedJenkinsTestCompileClasspath,generatedJenkinsTestRuntimeClasspath,jenkinsTestGeneration,testCompileClasspath,testRuntimeClasspath
org.eclipse.jetty:jetty-servlet:9.4.39.v20210325=generatedJenkinsTestCompileClasspath,generatedJenkinsTestRuntimeClasspath,jenkinsTestGeneration,testCompileClasspath,testRuntimeClasspath
org.eclipse.jetty:jetty-util-ajax:9.4.39.v20210325=generatedJenkinsTestCompileClasspath,generatedJenkinsTestRuntimeClasspath,jenkinsTestGeneration,testCompileClasspath,testRuntimeClasspath
org.eclipse.jetty:jetty-util:9.4.39.v20210325=generatedJenkinsTestCompileClasspath,generatedJenkinsTestRuntimeClasspath,jenkinsTestGeneration,testCompileClasspath,testRuntimeClasspath
org.eclipse.jetty:jetty-webapp:9.4.39.v20210325=generatedJenkinsTestCompileClasspath,generatedJenkinsTestRuntimeClasspath,jenkinsTestGeneration,testCompileClasspath,testRuntimeClasspath
org.eclipse.jetty:jetty-xml:9.4.39.v20210325=generatedJenkinsTestCompileClasspath,generatedJenkinsTestRuntimeClasspath,jenkinsTestGeneration,testCompileClasspath,testRuntimeClasspath
org.eclipse.jgit:org.eclipse.jgit.http.apache:5.13.0.202109080827-r=jpiAllPlugins,serverRuntimeClasspathJenkins,testCompileClasspath,testRuntimeClasspath,testRuntimeClasspathJenkins
org.eclipse.jgit:org.eclipse.jgit.http.server:5.13.0.202109080827-r=jpiAllPlugins,serverRuntimeClasspathJenkins,testCompileClasspath,testRuntimeClasspath,testRuntimeClasspathJenkins
org.eclipse.jgit:org.eclipse.jgit.lfs:5.13.0.202109080827-r=jpiAllPlugins,serverRuntimeClasspathJenkins,testCompileClasspath,testRuntimeClasspath,testRuntimeClasspathJenkins
org.eclipse.jgit:org.eclipse.jgit.ssh.jsch:5.13.0.202109080827-r=jpiAllPlugins,serverRuntimeClasspathJenkins,testCompileClasspath,testRuntimeClasspath,testRuntimeClasspathJenkins
org.eclipse.jgit:org.eclipse.jgit:5.13.0.202109080827-r=jpiAllPlugins,serverRuntimeClasspathJenkins,testCompileClasspath,testRuntimeClasspath,testRuntimeClasspathJenkins
org.fusesource.jansi:jansi:1.11=annotationProcessor,compileClasspath,generatedJenkinsTestCompileClasspath,generatedJenkinsTestRuntimeClasspath,testCompileClasspath,testRuntimeClasspath
org.hamcrest:hamcrest-core:2.2=generatedJenkinsTestCompileClasspath,generatedJenkinsTestRuntimeClasspath,jenkinsTestGeneration,testCompileClasspath,testRuntimeClasspath
org.hamcrest:hamcrest-library:2.2=generatedJenkinsTestCompileClasspath,generatedJenkinsTestRuntimeClasspath,jenkinsTestGeneration,testCompileClasspath,testRuntimeClasspath
org.hamcrest:hamcrest:2.2=generatedJenkinsTestCompileClasspath,generatedJenkinsTestRuntimeClasspath,jenkinsTestGeneration,testCompileClasspath,testRuntimeClasspath
org.jboss.marshalling:jboss-marshalling-river:2.0.12.Final=compileClasspath,jpiAllPlugins,serverRuntimeClasspathJenkins,testCompileClasspath,testRuntimeClasspath,testRuntimeClasspathJenkins
org.jboss.marshalling:jboss-marshalling:2.0.12.Final=compileClasspath,testCompileClasspath,testRuntimeClasspath
org.jenkins-ci.main:cli:2.332=annotationProcessor,compileClasspath,generatedJenkinsTestCompileClasspath,generatedJenkinsTestRuntimeClasspath,testCompileClasspath,testRuntimeClasspath
org.jenkins-ci.main:jenkins-core:2.332=annotationProcessor,compileClasspath,generatedJenkinsTestCompileClasspath,generatedJenkinsTestRuntimeClasspath,jpiAllPlugins,serverRuntimeClasspathJenkins,testCompileClasspath,testRuntimeClasspath,testRuntimeClasspathJenkins
org.jenkins-ci.main:jenkins-test-harness-htmlunit:3=generatedJenkinsTestCompileClasspath,generatedJenkinsTestRuntimeClasspath,jenkinsTestGeneration,testCompileClasspath,testRuntimeClasspath
org.jenkins-ci.main:jenkins-test-harness:1529.v4fd5bafdcd33=generatedJenkinsTestCompileClasspath,generatedJenkinsTestRuntimeClasspath,jenkinsTestGeneration,jpiAllPlugins,serverRuntimeClasspathJenkins,testCompileClasspath,testRuntimeClasspath,testRuntimeClasspathJenkins
org.jenkins-ci.main:jenkins-war:2.332=declaredJenkinsWar,jenkinsServerRuntimeOnly
org.jenkins-ci.main:remoting:4.11.2=annotationProcessor,compileClasspath,generatedJenkinsTestCompileClasspath,generatedJenkinsTestRuntimeClasspath,testCompileClasspath,testRuntimeClasspath
org.jenkins-ci.main:ui-samples-plugin:2.0=jpiAllPlugins,serverRuntimeClasspathJenkins,testCompileClasspath,testRuntimeClasspath,testRuntimeClasspathJenkins
org.jenkins-ci.plugins.workflow:workflow-api:1182.v41475e53ea_43=compileClasspath,jpiAllPlugins,serverRuntimeClasspathJenkins,testCompileClasspath,testRuntimeClasspath,testRuntimeClasspathJenkins
org.jenkins-ci.plugins.workflow:workflow-basic-steps:969.vc4ec3e4854b_f=jpiAllPlugins,serverRuntimeClasspathJenkins,testCompileClasspath,testRuntimeClasspath,testRuntimeClasspathJenkins
org.jenkins-ci.plugins.workflow:workflow-cps:2729.vea_17b_79ed57a_=jpiAllPlugins,serverRuntimeClasspathJenkins,testCompileClasspath,testRuntimeClasspath,testRuntimeClasspathJenkins
org.jenkins-ci.plugins.workflow:workflow-durable-task-step:1164.v2334ddcf48d0=jpiAllPlugins,serverRuntimeClasspathJenkins,testCompileClasspath,testRuntimeClasspath,testRuntimeClasspathJenkins
org.jenkins-ci.plugins.workflow:workflow-job:1189.va_d37a_e9e4eda_=compileClasspath,jpiAllPlugins,serverRuntimeClasspathJenkins,testCompileClasspath,testRuntimeClasspath,testRuntimeClasspathJenkins
org.jenkins-ci.plugins.workflow:workflow-multibranch:716.vc692a_e52371b_=jpiAllPlugins,serverRuntimeClasspathJenkins,testCompileClasspath,testRuntimeClasspath,testRuntimeClasspathJenkins
org.jenkins-ci.plugins.workflow:workflow-scm-step:400.v6b_89a_1317c9a_=jpiAllPlugins,serverRuntimeClasspathJenkins,testCompileClasspath,testRuntimeClasspath,testRuntimeClasspathJenkins
org.jenkins-ci.plugins.workflow:workflow-step-api:625.vd896b_f445a_f8=compileClasspath,jpiAllPlugins,serverRuntimeClasspathJenkins,testCompileClasspath,testRuntimeClasspath,testRuntimeClasspathJenkins
org.jenkins-ci.plugins.workflow:workflow-support:820.vd1a_6cc65ef33=compileClasspath,jpiAllPlugins,serverRuntimeClasspathJenkins,testCompileClasspath,testRuntimeClasspath,testRuntimeClasspathJenkins
org.jenkins-ci.plugins:apache-httpcomponents-client-4-api:4.5.13-1.0=jpiAllPlugins,serverRuntimeClasspathJenkins,testCompileClasspath,testRuntimeClasspath,testRuntimeClasspathJenkins
org.jenkins-ci.plugins:branch-api:2.1046.v0ca_37783ecc5=jpiAllPlugins,serverRuntimeClasspathJenkins,testCompileClasspath,testRuntimeClasspath,testRuntimeClasspathJenkins
org.jenkins-ci.plugins:cloudbees-folder:6.729.v2b_9d1a_74d673=jpiAllPlugins,serverRuntimeClasspathJenkins,testCompileClasspath,testRuntimeClasspath,testRuntimeClasspathJenkins
org.jenkins-ci.plugins:credentials-binding:523.vd859a_4b_122e6=jpiAllPlugins,serverRuntimeClasspathJenkins,testCompileClasspath,testRuntimeClasspath,testRuntimeClasspathJenkins
org.jenkins-ci.plugins:credentials:1087.1089.v2f1b_9a_b_040e4=jpiAllPlugins,serverRuntimeClasspathJenkins,testCompileClasspath,testRuntimeClasspath,testRuntimeClasspathJenkins
org.jenkins-ci.plugins:display-url-api:2.3.6=jpiAllPlugins,serverRuntimeClasspathJenkins,testCompileClasspath,testRuntimeClasspath,testRuntimeClasspathJenkins
org.jenkins-ci.plugins:durable-task:496.va67c6f9eefa7=jpiAllPlugins,serverRuntimeClasspathJenkins,testCompileClasspath,testRuntimeClasspath,testRuntimeClasspathJenkins
org.jenkins-ci.plugins:git-client:3.11.0=jpiAllPlugins,serverRuntimeClasspathJenkins,testCompileClasspath,testRuntimeClasspath,testRuntimeClasspathJenkins
org.jenkins-ci.plugins:jackson2-api:2.13.3-285.vc03c0256d517=jpiAllPlugins,serverRuntimeClasspathJenkins,testCompileClasspath,testRuntimeClasspath,testRuntimeClasspathJenkins
org.jenkins-ci.plugins:jsch:0.1.55.2=jpiAllPlugins,serverRuntimeClasspathJenkins,testCompileClasspath,testRuntimeClasspath,testRuntimeClasspathJenkins
org.jenkins-ci.plugins:mailer:414.vcc4c33714601=jpiAllPlugins,serverRuntimeClasspathJenkins,testCompileClasspath,testRuntimeClasspath,testRuntimeClasspathJenkins
org.jenkins-ci.plugins:pipeline-input-step:449.v77f0e8b_845c4=jpiAllPlugins,serverRuntimeClasspathJenkins,testCompileClasspath,testRuntimeClasspath,testRuntimeClasspathJenkins
org.jenkins-ci.plugins:pipeline-stage-step:293.v200037eefcd5=jpiAllPlugins,serverRuntimeClasspathJenkins,testCompileClasspath,testRuntimeClasspath,testRuntimeClasspathJenkins
org.jenkins-ci.plugins:plain-credentials:1.8=jpiAllPlugins,serverRuntimeClasspathJenkins,testCompileClasspath,testRuntimeClasspath,testRuntimeClasspathJenkins
org.jenkins-ci.plugins:scm-api:608.vfa_f971c5a_a_e9=compileClasspath,jpiAllPlugins,serverRuntimeClasspathJenkins,testCompileClasspath,testRuntimeClasspath,testRuntimeClasspathJenkins
org.jenkins-ci.plugins:script-security:1175.v4b_d517d6db_f0=compileClasspath,jpiAllPlugins,serverRuntimeClasspathJenkins,testCompileClasspath,testRuntimeClasspath,testRuntimeClasspathJenkins
org.jenkins-ci.plugins:ssh-credentials:277.v95c2fec1c047=jpiAllPlugins,serverRuntimeClasspathJenkins,testCompileClasspath,testRuntimeClasspath,testRuntimeClasspathJenkins
org.jenkins-ci.plugins:structs:318.va_f3ccb_729b_71=compileClasspath,jpiAllPlugins,serverRuntimeClasspathJenkins,testCompileClasspath,testRuntimeClasspath,testRuntimeClasspathJenkins
org.jenkins-ci.plugins:trilead-api:1.57.v6e90e07157e1=jpiAllPlugins,serverRuntimeClasspathJenkins,testCompileClasspath,testRuntimeClasspath,testRuntimeClasspathJenkins
org.jenkins-ci.plugins:variant:1.4=jpiAllPlugins,serverRuntimeClasspathJenkins,testCompileClasspath,testRuntimeClasspath,testRuntimeClasspathJenkins
org.jenkins-ci.ui:ace-editor:1.1=jpiAllPlugins,serverRuntimeClasspathJenkins,testCompileClasspath,testRuntimeClasspath,testRuntimeClasspathJenkins
org.jenkins-ci:annotation-indexer:1.12=jenkinsAccessModifier
org.jenkins-ci:annotation-indexer:1.16=annotationProcessor,compileClasspath,generatedJenkinsTestCompileClasspath,generatedJenkinsTestRuntimeClasspath,testCompileClasspath,testRuntimeClasspath
org.jenkins-ci:commons-jelly:1.1-jenkins-20120928=annotationProcessor,compileClasspath,generatedJenkinsTestCompileClasspath,generatedJenkinsTestRuntimeClasspath,testCompileClasspath,testRuntimeClasspath
org.jenkins-ci:commons-jexl:1.1-jenkins-20111212=annotationProcessor,compileClasspath,generatedJenkinsTestCompileClasspath,generatedJenkinsTestRuntimeClasspath,testCompileClasspath,testRuntimeClasspath
org.jenkins-ci:crypto-util:1.7=annotationProcessor,compileClasspath,generatedJenkinsTestCompileClasspath,generatedJenkinsTestRuntimeClasspath,testCompileClasspath,testRuntimeClasspath
org.jenkins-ci:memory-monitor:1.11=annotationProcessor,compileClasspath,generatedJenkinsTestCompileClasspath,generatedJenkinsTestRuntimeClasspath,testCompileClasspath,testRuntimeClasspath
org.jenkins-ci:symbol-annotation:1.1=annotationProcessor,compileClasspath,generatedJenkinsTestCompileClasspath,generatedJenkinsTestRuntimeClasspath,testCompileClasspath,testRuntimeClasspath
org.jenkins-ci:task-reactor:1.7=annotationProcessor,compileClasspath,generatedJenkinsTestCompileClasspath,generatedJenkinsTestRuntimeClasspath,testCompileClasspath,testRuntimeClasspath
org.jenkins-ci:trilead-ssh2:build-217-jenkins-27=jpiAllPlugins,serverRuntimeClasspathJenkins,testCompileClasspath,testRuntimeClasspath,testRuntimeClasspathJenkins
org.jenkins-ci:version-number:1.9=annotationProcessor,compileClasspath,generatedJenkinsTestCompileClasspath,generatedJenkinsTestRuntimeClasspath,testCompileClasspath,testRuntimeClasspath
org.jenkinsci.plugins:pipeline-model-api:2.2097.v33db_b_de764b_e=jpiAllPlugins,serverRuntimeClasspathJenkins,testCompileClasspath,testRuntimeClasspath,testRuntimeClasspathJenkins
org.jenkinsci.plugins:pipeline-model-definition:2.2097.v33db_b_de764b_e=jpiAllPlugins,serverRuntimeClasspathJenkins,testCompileClasspath,testRuntimeClasspath,testRuntimeClasspathJenkins
org.jenkinsci.plugins:pipeline-model-extensions:2.2097.v33db_b_de764b_e=jpiAllPlugins,serverRuntimeClasspathJenkins,testCompileClasspath,testRuntimeClasspath,testRuntimeClasspathJenkins
org.jenkinsci.plugins:pipeline-stage-tags-metadata:2.2097.v33db_b_de764b_e=jpiAllPlugins,serverRuntimeClasspathJenkins,testCompileClasspath,testRuntimeClasspath,testRuntimeClasspathJenkins
org.jetbrains.kotlin:kotlin-stdlib-common:1.5.31=compileClasspath,runtimeClasspath,testCompileClasspath,testRuntimeClasspath
org.jetbrains.kotlin:kotlin-stdlib-jdk7:1.5.31=compileClasspath,runtimeClasspath,testCompileClasspath,testRuntimeClasspath
org.jetbrains.kotlin:kotlin-stdlib-jdk8:1.5.31=compileClasspath,jpiAllPlugins,runtimeClasspath,runtimeClasspathJenkins,serverRuntimeClasspathJenkins,testCompileClasspath,testRuntimeClasspath,testRuntimeClasspathJenkins
org.jetbrains.kotlin:kotlin-stdlib:1.5.31=compileClasspath,runtimeClasspath,testCompileClasspath,testRuntimeClasspath
org.jetbrains:annotations:13.0=compileClasspath,runtimeClasspath,testCompileClasspath,testRuntimeClasspath
org.jfree:jcommon:1.0.23=annotationProcessor,compileClasspath,generatedJenkinsTestCompileClasspath,generatedJenkinsTestRuntimeClasspath,testCompileClasspath,testRuntimeClasspath
org.jfree:jfreechart:1.0.19=annotationProcessor,compileClasspath,generatedJenkinsTestCompileClasspath,generatedJenkinsTestRuntimeClasspath,testCompileClasspath,testRuntimeClasspath
org.json:json:20190722=testCompileClasspath,testRuntimeClasspath
org.junit.jupiter:junit-jupiter-api:5.9.0-RC1=testCompileClasspath,testRuntimeClasspath
org.junit.jupiter:junit-jupiter-engine:5.9.0-RC1=testRuntimeClasspath
org.junit.jupiter:junit-jupiter-params:5.9.0-RC1=testCompileClasspath,testRuntimeClasspath
org.junit.jupiter:junit-jupiter:5.9.0-RC1=jpiAllPlugins,serverRuntimeClasspathJenkins,testCompileClasspath,testRuntimeClasspath,testRuntimeClasspathJenkins
org.junit.platform:junit-platform-commons:1.9.0-RC1=testCompileClasspath,testRuntimeClasspath
org.junit.platform:junit-platform-engine:1.9.0-RC1=testRuntimeClasspath
org.junit:junit-bom:5.8.2=annotationProcessor,generatedJenkinsTestRuntimeClasspath
org.junit:junit-bom:5.9.0-RC1=testCompileClasspath,testRuntimeClasspath
org.jvnet.hudson:commons-jelly-tags-define:1.0.1-hudson-20071021=annotationProcessor,compileClasspath,generatedJenkinsTestCompileClasspath,generatedJenkinsTestRuntimeClasspath,testCompileClasspath,testRuntimeClasspath
org.jvnet.hudson:embedded-rhino-debugger:1.2=generatedJenkinsTestCompileClasspath,generatedJenkinsTestRuntimeClasspath,jenkinsTestGeneration,testCompileClasspath,testRuntimeClasspath
org.jvnet.localizer:localizer:1.31=annotationProcessor,compileClasspath,generatedJenkinsTestCompileClasspath,generatedJenkinsTestRuntimeClasspath,testCompileClasspath,testRuntimeClasspath
org.jvnet.robust-http-client:robust-http-client:1.2=annotationProcessor,compileClasspath,generatedJenkinsTestCompileClasspath,generatedJenkinsTestRuntimeClasspath,testCompileClasspath,testRuntimeClasspath
org.jvnet.winp:winp:1.28=annotationProcessor,compileClasspath,generatedJenkinsTestCompileClasspath,generatedJenkinsTestRuntimeClasspath,testCompileClasspath,testRuntimeClasspath
org.jvnet:tiger-types:2.2=annotationProcessor,compileClasspath,generatedJenkinsTestCompileClasspath,generatedJenkinsTestRuntimeClasspath,testCompileClasspath,testRuntimeClasspath
org.kohsuke.jinterop:j-interop:2.0.8-kohsuke-1=annotationProcessor,compileClasspath,generatedJenkinsTestCompileClasspath,generatedJenkinsTestRuntimeClasspath,testCompileClasspath,testRuntimeClasspath
org.kohsuke.jinterop:j-interopdeps:2.0.8-kohsuke-1=annotationProcessor,compileClasspath,generatedJenkinsTestCompileClasspath,generatedJenkinsTestRuntimeClasspath,testCompileClasspath,testRuntimeClasspath
org.kohsuke.stapler:json-lib:2.4-jenkins-3=annotationProcessor,compileClasspath,generatedJenkinsTestCompileClasspath,generatedJenkinsTestRuntimeClasspath,testCompileClasspath,testRuntimeClasspath
org.kohsuke.stapler:stapler-adjunct-codemirror:1.3=annotationProcessor,compileClasspath,generatedJenkinsTestCompileClasspath,generatedJenkinsTestRuntimeClasspath,testCompileClasspath,testRuntimeClasspath
org.kohsuke.stapler:stapler-adjunct-timeline:1.5=annotationProcessor,compileClasspath,generatedJenkinsTestCompileClasspath,generatedJenkinsTestRuntimeClasspath,testCompileClasspath,testRuntimeClasspath
org.kohsuke.stapler:stapler-groovy:1638.v229a_24fa_b_17c=annotationProcessor,compileClasspath,generatedJenkinsTestCompileClasspath,generatedJenkinsTestRuntimeClasspath,testCompileClasspath,testRuntimeClasspath
org.kohsuke.stapler:stapler-jelly:1638.v229a_24fa_b_17c=annotationProcessor,compileClasspath,generatedJenkinsTestCompileClasspath,generatedJenkinsTestRuntimeClasspath,testCompileClasspath,testRuntimeClasspath
org.kohsuke.stapler:stapler:1638.v229a_24fa_b_17c=annotationProcessor,compileClasspath,generatedJenkinsTestCompileClasspath,generatedJenkinsTestRuntimeClasspath,testCompileClasspath,testRuntimeClasspath
org.kohsuke:access-modifier-annotation:1.21=jenkinsAccessModifier
org.kohsuke:access-modifier-annotation:1.27=annotationProcessor,compileClasspath,generatedJenkinsTestCompileClasspath,generatedJenkinsTestRuntimeClasspath,testCompileClasspath,testRuntimeClasspath
org.kohsuke:access-modifier-checker:1.21=jenkinsAccessModifier
org.kohsuke:access-modifier-suppressions:1.21=jenkinsAccessModifier
org.kohsuke:groovy-sandbox:1.27=compileClasspath,jpiAllPlugins,serverRuntimeClasspathJenkins,testCompileClasspath,testRuntimeClasspath,testRuntimeClasspathJenkins
org.kohsuke:trilead-putty-extension:1.2=jpiAllPlugins,serverRuntimeClasspathJenkins,testCompileClasspath,testRuntimeClasspath,testRuntimeClasspathJenkins
org.kohsuke:windows-package-checker:1.2=annotationProcessor,compileClasspath,generatedJenkinsTestCompileClasspath,generatedJenkinsTestRuntimeClasspath,testCompileClasspath,testRuntimeClasspath
org.mockito.kotlin:mockito-kotlin:4.0.0=jpiAllPlugins,serverRuntimeClasspathJenkins,testCompileClasspath,testRuntimeClasspath,testRuntimeClasspathJenkins
org.mockito:mockito-core:4.6.1=testCompileClasspath,testRuntimeClasspath
org.mockito:mockito-inline:4.6.1=jpiAllPlugins,serverRuntimeClasspathJenkins,testCompileClasspath,testRuntimeClasspath,testRuntimeClasspathJenkins
org.mozilla:rhino:1.7.7.2=testCompileClasspath,testRuntimeClasspath
org.netbeans.modules:org-netbeans-insane:RELEASE123=generatedJenkinsTestCompileClasspath,generatedJenkinsTestRuntimeClasspath,jenkinsTestGeneration,testCompileClasspath,testRuntimeClasspath
org.objenesis:objenesis:3.2=testRuntimeClasspath
org.openjdk.jmh:jmh-core:1.29=generatedJenkinsTestCompileClasspath,generatedJenkinsTestRuntimeClasspath,jenkinsTestGeneration,testCompileClasspath,testRuntimeClasspath
org.openjdk.jmh:jmh-generator-annprocess:1.29=generatedJenkinsTestCompileClasspath,generatedJenkinsTestRuntimeClasspath,jenkinsTestGeneration,testCompileClasspath,testRuntimeClasspath
org.opentest4j:opentest4j:1.2.0=testCompileClasspath,testRuntimeClasspath
org.ow2.asm:asm-analysis:9.2=annotationProcessor,compileClasspath,generatedJenkinsTestCompileClasspath,generatedJenkinsTestRuntimeClasspath,testCompileClasspath,testRuntimeClasspath
org.ow2.asm:asm-commons:9.2=annotationProcessor,compileClasspath,generatedJenkinsTestCompileClasspath,generatedJenkinsTestRuntimeClasspath,testCompileClasspath,testRuntimeClasspath
org.ow2.asm:asm-tree:9.2=annotationProcessor,compileClasspath,generatedJenkinsTestCompileClasspath,generatedJenkinsTestRuntimeClasspath,testCompileClasspath,testRuntimeClasspath
org.ow2.asm:asm-util:9.2=annotationProcessor,compileClasspath,generatedJenkinsTestCompileClasspath,generatedJenkinsTestRuntimeClasspath,testCompileClasspath,testRuntimeClasspath
org.ow2.asm:asm:9.0=jenkinsAccessModifier
org.ow2.asm:asm:9.2=annotationProcessor,compileClasspath,generatedJenkinsTestCompileClasspath,generatedJenkinsTestRuntimeClasspath,testCompileClasspath,testRuntimeClasspath
org.samba.jcifs:jcifs:1.2.19=annotationProcessor,compileClasspath,generatedJenkinsTestCompileClasspath,generatedJenkinsTestRuntimeClasspath,testCompileClasspath,testRuntimeClasspath
org.slf4j:jcl-over-slf4j:1.7.33=annotationProcessor,compileClasspath,generatedJenkinsTestCompileClasspath,generatedJenkinsTestRuntimeClasspath,testCompileClasspath,testRuntimeClasspath
org.slf4j:log4j-over-slf4j:1.7.33=annotationProcessor,compileClasspath,generatedJenkinsTestCompileClasspath,generatedJenkinsTestRuntimeClasspath,testCompileClasspath,testRuntimeClasspath
org.slf4j:slf4j-api:1.7.33=annotationProcessor,compileClasspath,generatedJenkinsTestCompileClasspath,generatedJenkinsTestRuntimeClasspath,testCompileClasspath,testRuntimeClasspath
org.springframework.security:spring-security-core:5.6.1=annotationProcessor,compileClasspath,generatedJenkinsTestCompileClasspath,generatedJenkinsTestRuntimeClasspath,testCompileClasspath,testRuntimeClasspath
org.springframework.security:spring-security-crypto:5.6.1=annotationProcessor,compileClasspath,generatedJenkinsTestCompileClasspath,generatedJenkinsTestRuntimeClasspath,testCompileClasspath,testRuntimeClasspath
org.springframework.security:spring-security-web:5.6.1=annotationProcessor,compileClasspath,generatedJenkinsTestCompileClasspath,generatedJenkinsTestRuntimeClasspath,testCompileClasspath,testRuntimeClasspath
org.springframework:spring-aop:5.3.14=annotationProcessor,compileClasspath,generatedJenkinsTestCompileClasspath,generatedJenkinsTestRuntimeClasspath,testCompileClasspath,testRuntimeClasspath
org.springframework:spring-beans:5.3.14=annotationProcessor,compileClasspath,generatedJenkinsTestCompileClasspath,generatedJenkinsTestRuntimeClasspath,testCompileClasspath,testRuntimeClasspath
org.springframework:spring-context:5.3.14=annotationProcessor,compileClasspath,generatedJenkinsTestCompileClasspath,generatedJenkinsTestRuntimeClasspath,testCompileClasspath,testRuntimeClasspath
org.springframework:spring-core:5.3.14=annotationProcessor,compileClasspath,generatedJenkinsTestCompileClasspath,generatedJenkinsTestRuntimeClasspath,testCompileClasspath,testRuntimeClasspath
org.springframework:spring-expression:5.3.14=annotationProcessor,compileClasspath,generatedJenkinsTestCompileClasspath,generatedJenkinsTestRuntimeClasspath,testCompileClasspath,testRuntimeClasspath
org.springframework:spring-web:5.3.14=annotationProcessor,compileClasspath,generatedJenkinsTestCompileClasspath,generatedJenkinsTestRuntimeClasspath,testCompileClasspath,testRuntimeClasspath
org.yaml:snakeyaml:1.30=jpiAllPlugins,serverRuntimeClasspathJenkins,testCompileClasspath,testRuntimeClasspath,testRuntimeClasspathJenkins
pull-parser:pull-parser:2=annotationProcessor,generatedJenkinsTestRuntimeClasspath,testRuntimeClasspath
relaxngDatatype:relaxngDatatype:20020414=annotationProcessor,compileClasspath,generatedJenkinsTestCompileClasspath,generatedJenkinsTestRuntimeClasspath,testCompileClasspath,testRuntimeClasspath
xalan:serializer:2.7.2=generatedJenkinsTestCompileClasspath,generatedJenkinsTestRuntimeClasspath,jenkinsTestGeneration,testCompileClasspath,testRuntimeClasspath
xerces:xerces:2.2.1=annotationProcessor,compileClasspath,generatedJenkinsTestCompileClasspath,generatedJenkinsTestRuntimeClasspath,testCompileClasspath,testRuntimeClasspath
xml-apis:xml-apis:1.4.01=generatedJenkinsTestCompileClasspath,generatedJenkinsTestRuntimeClasspath,jenkinsTestGeneration,testCompileClasspath,testRuntimeClasspath
xpp3:xpp3:1.1.4c=annotationProcessor,compileClasspath,generatedJenkinsTestCompileClasspath,generatedJenkinsTestRuntimeClasspath,testCompileClasspath,testRuntimeClasspath
empty=generatedJenkinsTestAnnotationProcessor,jenkinsPlugins,jenkinsTest,optionalJenkinsPlugins,testAnnotationProcessor
