# This is a Gradle generated file for dependency locking.
# Manual edits can break the build and are not advised.
# This file is expected to be part of source control.
args4j:args4j:2.33=annotationProcessor,compileClasspath,generatedJenkinsTestCompileClasspath,generatedJenkinsTestRuntimeClasspath,testCompileClasspath,testRuntimeClasspath
classworlds:classworlds:1.1-alpha-2=localizeMessagesRuntimeClasspath
com.cloudbees:diff4j:1.3=jpiAllPlugins,serverRuntimeClasspathJenkins,testCompileClasspath,testRuntimeClasspath,testRuntimeClasspathJenkins
com.cloudbees:groovy-cps:3853.vb_a_490d892963=jpiAllPlugins,serverRuntimeClasspathJenkins,testCompileClasspath,testRuntimeClasspath,testRuntimeClasspathJenkins
com.fasterxml.jackson.core:jackson-annotations:2.16.1=jpiAllPlugins,serverRuntimeClasspathJenkins,testCompileClasspath,testRuntimeClasspath,testRuntimeClasspathJenkins
com.fasterxml.jackson.core:jackson-core:2.16.1=jpiAllPlugins,serverRuntimeClasspathJenkins,testCompileClasspath,testRuntimeClasspath,testRuntimeClasspathJenkins
com.fasterxml.jackson.core:jackson-databind:2.16.1=jpiAllPlugins,serverRuntimeClasspathJenkins,testCompileClasspath,testRuntimeClasspath,testRuntimeClasspathJenkins
com.fasterxml.jackson.dataformat:jackson-dataformat-cbor:2.16.1=jpiAllPlugins,serverRuntimeClasspathJenkins,testCompileClasspath,testRuntimeClasspath,testRuntimeClasspathJenkins
com.fasterxml.jackson.dataformat:jackson-dataformat-xml:2.16.1=jpiAllPlugins,serverRuntimeClasspathJenkins,testCompileClasspath,testRuntimeClasspath,testRuntimeClasspathJenkins
com.fasterxml.jackson.dataformat:jackson-dataformat-yaml:2.16.1=jpiAllPlugins,serverRuntimeClasspathJenkins,testCompileClasspath,testRuntimeClasspath,testRuntimeClasspathJenkins
com.fasterxml.jackson.datatype:jackson-datatype-jdk8:2.16.1=jpiAllPlugins,serverRuntimeClasspathJenkins,testCompileClasspath,testRuntimeClasspath,testRuntimeClasspathJenkins
com.fasterxml.jackson.datatype:jackson-datatype-json-org:2.16.1=jpiAllPlugins,serverRuntimeClasspathJenkins,testCompileClasspath,testRuntimeClasspath,testRuntimeClasspathJenkins
com.fasterxml.jackson.datatype:jackson-datatype-jsr310:2.16.1=jpiAllPlugins,serverRuntimeClasspathJenkins,testCompileClasspath,testRuntimeClasspath,testRuntimeClasspathJenkins
com.fasterxml.jackson.module:jackson-module-jaxb-annotations:2.16.1=jpiAllPlugins,serverRuntimeClasspathJenkins,testCompileClasspath,testRuntimeClasspath,testRuntimeClasspathJenkins
com.fasterxml.jackson.module:jackson-module-parameter-names:2.16.1=jpiAllPlugins,serverRuntimeClasspathJenkins,testCompileClasspath,testRuntimeClasspath,testRuntimeClasspathJenkins
com.fasterxml.jackson:jackson-bom:2.16.1=testCompileClasspath,testRuntimeClasspath
com.fasterxml.woodstox:woodstox-core:6.5.1=testCompileClasspath,testRuntimeClasspath
com.github.ben-manes.caffeine:caffeine:3.1.8=compileClasspath,jpiAllPlugins,serverRuntimeClasspathJenkins,testCompileClasspath,testRuntimeClasspath,testRuntimeClasspathJenkins
com.github.java-json-tools:btf:1.3=testCompileClasspath,testRuntimeClasspath
com.github.java-json-tools:jackson-coreutils-equivalence:1.0=testCompileClasspath,testRuntimeClasspath
com.github.java-json-tools:jackson-coreutils:2.0=testCompileClasspath,testRuntimeClasspath
com.github.java-json-tools:json-schema-core:1.2.14=testCompileClasspath,testRuntimeClasspath
com.github.java-json-tools:json-schema-validator:2.2.14=jpiAllPlugins,serverRuntimeClasspathJenkins,testCompileClasspath,testRuntimeClasspath,testRuntimeClasspathJenkins
com.github.java-json-tools:msg-simple:1.2=testCompileClasspath,testRuntimeClasspath
com.github.java-json-tools:uri-template:0.10=testCompileClasspath,testRuntimeClasspath
com.github.spotbugs:spotbugs-annotations:4.7.3=annotationProcessor,compileClasspath,generatedJenkinsTestCompileClasspath,generatedJenkinsTestRuntimeClasspath,testCompileClasspath,testRuntimeClasspath
com.google.code.findbugs:jsr305:3.0.2=annotationProcessor,compileClasspath,generatedJenkinsTestCompileClasspath,generatedJenkinsTestRuntimeClasspath,testCompileClasspath,testRuntimeClasspath
com.google.code.gson:gson:2.10.1=jpiAllPlugins,serverRuntimeClasspathJenkins,testCompileClasspath,testRuntimeClasspath,testRuntimeClasspathJenkins
com.google.crypto.tink:tink:1.10.0=testCompileClasspath,testRuntimeClasspath
com.google.errorprone:error_prone_annotations:2.18.0=annotationProcessor,compileClasspath,generatedJenkinsTestCompileClasspath,generatedJenkinsTestRuntimeClasspath,testCompileClasspath,testRuntimeClasspath
com.google.guava:failureaccess:1.0.1=annotationProcessor,compileClasspath,generatedJenkinsTestCompileClasspath,generatedJenkinsTestRuntimeClasspath,testCompileClasspath,testRuntimeClasspath
com.google.guava:guava-parent:32.1.2-jre=annotationProcessor,compileClasspath,generatedJenkinsTestCompileClasspath,generatedJenkinsTestRuntimeClasspath,testCompileClasspath,testRuntimeClasspath
com.google.guava:guava:32.1.2-jre=annotationProcessor,compileClasspath,generatedJenkinsTestCompileClasspath,generatedJenkinsTestRuntimeClasspath,testCompileClasspath,testRuntimeClasspath
com.google.guava:listenablefuture:9999.0-empty-to-avoid-conflict-with-guava=annotationProcessor,compileClasspath,generatedJenkinsTestCompileClasspath,generatedJenkinsTestRuntimeClasspath,testCompileClasspath,testRuntimeClasspath
com.google.inject:guice:6.0.0=annotationProcessor,compileClasspath,generatedJenkinsTestCompileClasspath,generatedJenkinsTestRuntimeClasspath,testCompileClasspath,testRuntimeClasspath
com.google.j2objc:j2objc-annotations:2.8=compileClasspath,generatedJenkinsTestCompileClasspath,testCompileClasspath
com.googlecode.javaewah:JavaEWAH:1.1.13=generateGitVersion
com.googlecode.javaewah:JavaEWAH:1.2.3=testCompileClasspath,testRuntimeClasspath
com.googlecode.libphonenumber:libphonenumber:8.11.1=testCompileClasspath,testRuntimeClasspath
com.infradna.tool:bridge-method-annotation:1.29=annotationProcessor,compileClasspath,generatedJenkinsTestCompileClasspath,generatedJenkinsTestRuntimeClasspath,testCompileClasspath,testRuntimeClasspath
com.jcraft:jzlib:1.1.3-kohsuke-1=annotationProcessor,compileClasspath,generatedJenkinsTestCompileClasspath,generatedJenkinsTestRuntimeClasspath,testCompileClasspath,testRuntimeClasspath
com.shapesecurity:salvation2:3.0.1=generatedJenkinsTestCompileClasspath,generatedJenkinsTestRuntimeClasspath,testCompileClasspath,testRuntimeClasspath
com.shapesecurity:salvation:2.7.2=jenkinsTestGeneration
com.squareup:javapoet:1.13.0=jenkinsTestGeneration
com.sun.activation:jakarta.activation:2.0.1=jpiAllPlugins,serverRuntimeClasspathJenkins,testCompileClasspath,testRuntimeClasspath,testRuntimeClasspathJenkins
com.sun.activation:javax.activation:1.2.0=jpiAllPlugins,serverRuntimeClasspathJenkins,testCompileClasspath,testRuntimeClasspath,testRuntimeClasspathJenkins
com.sun.codemodel:codemodel:2.6=localizeMessagesRuntimeClasspath
com.sun.mail:jakarta.mail:2.0.1=jpiAllPlugins,serverRuntimeClasspathJenkins,testCompileClasspath,testRuntimeClasspath,testRuntimeClasspathJenkins
com.sun.mail:mailapi:1.6.2=testCompileClasspath,testRuntimeClasspath
com.sun.solaris:embedded_su4j:1.1=annotationProcessor,compileClasspath,generatedJenkinsTestCompileClasspath,generatedJenkinsTestRuntimeClasspath,testCompileClasspath,testRuntimeClasspath
com.sun.xml.bind:jaxb-impl:2.3.9=jpiAllPlugins,serverRuntimeClasspathJenkins,testCompileClasspath,testRuntimeClasspath,testRuntimeClasspathJenkins
com.sun.xml.txw2:txw2:20110809=annotationProcessor,compileClasspath,generatedJenkinsTestCompileClasspath,generatedJenkinsTestRuntimeClasspath,testCompileClasspath,testRuntimeClasspath
com.thoughtworks.xstream:xstream:1.4.20=annotationProcessor,compileClasspath,generatedJenkinsTestCompileClasspath,generatedJenkinsTestRuntimeClasspath,testCompileClasspath,testRuntimeClasspath
commons-beanutils:commons-beanutils:1.9.4=annotationProcessor,compileClasspath,generatedJenkinsTestCompileClasspath,generatedJenkinsTestRuntimeClasspath,testCompileClasspath,testRuntimeClasspath
commons-codec:commons-codec:1.16.0=annotationProcessor,compileClasspath,generatedJenkinsTestCompileClasspath,generatedJenkinsTestRuntimeClasspath,testCompileClasspath,testRuntimeClasspath
commons-collections:commons-collections:3.2.2=annotationProcessor,compileClasspath,generatedJenkinsTestCompileClasspath,generatedJenkinsTestRuntimeClasspath,testCompileClasspath,testRuntimeClasspath
commons-discovery:commons-discovery:0.5=annotationProcessor,compileClasspath,generatedJenkinsTestCompileClasspath,generatedJenkinsTestRuntimeClasspath,testCompileClasspath,testRuntimeClasspath
commons-fileupload:commons-fileupload:1.5=annotationProcessor,compileClasspath,generatedJenkinsTestCompileClasspath,generatedJenkinsTestRuntimeClasspath,testCompileClasspath,testRuntimeClasspath
commons-io:commons-io:2.13.0=annotationProcessor,compileClasspath,generatedJenkinsTestCompileClasspath,generatedJenkinsTestRuntimeClasspath,testCompileClasspath,testRuntimeClasspath
commons-jelly:commons-jelly-tags-fmt:1.0=annotationProcessor,compileClasspath,generatedJenkinsTestCompileClasspath,generatedJenkinsTestRuntimeClasspath,testCompileClasspath,testRuntimeClasspath
commons-jelly:commons-jelly-tags-xml:1.1=annotationProcessor,compileClasspath,generatedJenkinsTestCompileClasspath,generatedJenkinsTestRuntimeClasspath,testCompileClasspath,testRuntimeClasspath
commons-lang:commons-lang:2.6=annotationProcessor,compileClasspath,generatedJenkinsTestCompileClasspath,generatedJenkinsTestRuntimeClasspath,testCompileClasspath,testRuntimeClasspath
commons-logging:commons-logging:1.2=annotationProcessor,compileClasspath,generatedJenkinsTestCompileClasspath,generatedJenkinsTestRuntimeClasspath,jenkinsTestGeneration,testCompileClasspath,testRuntimeClasspath
commons-net:commons-net:3.6=jenkinsTestGeneration
commons-net:commons-net:3.8.0=generatedJenkinsTestCompileClasspath,generatedJenkinsTestRuntimeClasspath,testCompileClasspath,testRuntimeClasspath
io.github.x-stream:mxparser:1.2.2=annotationProcessor,compileClasspath,generatedJenkinsTestCompileClasspath,generatedJenkinsTestRuntimeClasspath,testCompileClasspath,testRuntimeClasspath
io.jenkins.lib:support-log-formatter:1.0=jenkinsTestGeneration
io.jenkins.lib:support-log-formatter:1.1=generatedJenkinsTestCompileClasspath,generatedJenkinsTestRuntimeClasspath,testCompileClasspath,testRuntimeClasspath
io.jenkins.plugins.mina-sshd-api:mina-sshd-api-common:2.12.0-90.v9f7fb_9fa_3d3b_=jpiAllPlugins,serverRuntimeClasspathJenkins,testCompileClasspath,testRuntimeClasspath,testRuntimeClasspathJenkins
io.jenkins.plugins.mina-sshd-api:mina-sshd-api-core:2.12.0-90.v9f7fb_9fa_3d3b_=jpiAllPlugins,serverRuntimeClasspathJenkins,testCompileClasspath,testRuntimeClasspath,testRuntimeClasspathJenkins
io.jenkins.plugins:caffeine-api:3.1.8-133.v17b_1ff2e0599=compileClasspath,jpiAllPlugins,serverRuntimeClasspathJenkins,testCompileClasspath,testRuntimeClasspath,testRuntimeClasspathJenkins
io.jenkins.plugins:gson-api:2.10.1-15.v0d99f670e0a_7=jpiAllPlugins,serverRuntimeClasspathJenkins,testCompileClasspath,testRuntimeClasspath,testRuntimeClasspathJenkins
io.jenkins.plugins:ionicons-api:56.v1b_1c8c49374e=compileClasspath,jpiAllPlugins,serverRuntimeClasspathJenkins,testCompileClasspath,testRuntimeClasspath,testRuntimeClasspathJenkins
io.jenkins.plugins:jakarta-activation-api:2.0.1-3=jpiAllPlugins,serverRuntimeClasspathJenkins,testCompileClasspath,testRuntimeClasspath,testRuntimeClasspathJenkins
io.jenkins.plugins:jakarta-mail-api:2.0.1-3=jpiAllPlugins,serverRuntimeClasspathJenkins,testCompileClasspath,testRuntimeClasspath,testRuntimeClasspathJenkins
io.jenkins.plugins:javax-activation-api:1.2.0-6=jpiAllPlugins,serverRuntimeClasspathJenkins,testCompileClasspath,testRuntimeClasspath,testRuntimeClasspathJenkins
io.jenkins.plugins:jaxb:2.3.9-1=jpiAllPlugins,serverRuntimeClasspathJenkins,testCompileClasspath,testRuntimeClasspath,testRuntimeClasspathJenkins
io.jenkins.plugins:joda-time-api:2.12.7-29.v5a_b_e3a_82269a_=jpiAllPlugins,serverRuntimeClasspathJenkins,testCompileClasspath,testRuntimeClasspath,testRuntimeClasspathJenkins
io.jenkins.plugins:lib-durable-task:43.v0b_d629cd2b_0c=jpiAllPlugins,serverRuntimeClasspathJenkins,testCompileClasspath,testRuntimeClasspath,testRuntimeClasspathJenkins
io.jenkins.plugins:pipeline-groovy-lib:704.vc58b_8890a_384=jpiAllPlugins,serverRuntimeClasspathJenkins,testCompileClasspath,testRuntimeClasspath,testRuntimeClasspathJenkins
io.jenkins.plugins:snakeyaml-api:2.2-111.vc6598e30cc65=jpiAllPlugins,serverRuntimeClasspathJenkins,testCompileClasspath,testRuntimeClasspath,testRuntimeClasspathJenkins
io.jenkins.stapler:jenkins-stapler-support:1.1=annotationProcessor,compileClasspath,generatedJenkinsTestCompileClasspath,generatedJenkinsTestRuntimeClasspath,testCompileClasspath,testRuntimeClasspath
io.jenkins.tools.bom:bom-2.426.x:2805.v4398b_43dfc18=compileClasspath,jpiAllPlugins,runtimeClasspath,runtimeClasspathJenkins,serverRuntimeClasspathJenkins,testCompileClasspath,testRuntimeClasspath,testRuntimeClasspathJenkins
jakarta.annotation:jakarta.annotation-api:2.1.1=annotationProcessor,compileClasspath,generatedJenkinsTestCompileClasspath,generatedJenkinsTestRuntimeClasspath,testCompileClasspath,testRuntimeClasspath
jakarta.inject:jakarta.inject-api:2.0.1=annotationProcessor,compileClasspath,generatedJenkinsTestCompileClasspath,generatedJenkinsTestRuntimeClasspath,testCompileClasspath,testRuntimeClasspath
jakarta.servlet.jsp.jstl:jakarta.servlet.jsp.jstl-api:1.2.7=annotationProcessor,compileClasspath,generatedJenkinsTestCompileClasspath,generatedJenkinsTestRuntimeClasspath,testCompileClasspath,testRuntimeClasspath
javax.activation:javax.activation-api:1.2.0=testRuntimeClasspath
javax.annotation:javax.annotation-api:1.3.2=annotationProcessor,compileClasspath,generatedJenkinsTestCompileClasspath,generatedJenkinsTestRuntimeClasspath,testCompileClasspath,testRuntimeClasspath
javax.inject:javax.inject:1=annotationProcessor,compileClasspath,generatedJenkinsTestCompileClasspath,generatedJenkinsTestRuntimeClasspath,testCompileClasspath,testRuntimeClasspath
javax.servlet:javax.servlet-api:3.1.0=annotationProcessor,compileClasspath,generatedJenkinsTestCompileClasspath,generatedJenkinsTestRuntimeClasspath,jenkinsTestGeneration,testCompileClasspath,testRuntimeClasspath
javax.xml.bind:jaxb-api:2.2.12=annotationProcessor,generatedJenkinsTestRuntimeClasspath
javax.xml.bind:jaxb-api:2.3.1=jpiAllPlugins,serverRuntimeClasspathJenkins,testCompileClasspath,testRuntimeClasspath,testRuntimeClasspathJenkins
javax.xml.stream:stax-api:1.0-2=annotationProcessor,generatedJenkinsTestRuntimeClasspath,testRuntimeClasspath
jaxen:jaxen:2.0.0=annotationProcessor,compileClasspath,generatedJenkinsTestCompileClasspath,generatedJenkinsTestRuntimeClasspath,testCompileClasspath,testRuntimeClasspath
jline:jline:2.14.6=annotationProcessor,compileClasspath,generatedJenkinsTestCompileClasspath,generatedJenkinsTestRuntimeClasspath,testCompileClasspath,testRuntimeClasspath
joda-time:joda-time:2.12.7=jpiAllPlugins,serverRuntimeClasspathJenkins,testCompileClasspath,testRuntimeClasspath,testRuntimeClasspathJenkins
junit:junit:3.8.1=localizeMessagesRuntimeClasspath
junit:junit:4.13.1=jenkinsTestGeneration
junit:junit:4.13.2=generatedJenkinsTestCompileClasspath,generatedJenkinsTestRuntimeClasspath,testCompileClasspath,testRuntimeClasspath
net.bytebuddy:byte-buddy-agent:1.14.9=testCompileClasspath,testRuntimeClasspath
net.bytebuddy:byte-buddy:1.14.11=testCompileClasspath,testRuntimeClasspath
net.i2p.crypto:eddsa:0.3.0=testCompileClasspath,testRuntimeClasspath
net.java.dev.jna:jna:5.13.0=annotationProcessor,compileClasspath,generatedJenkinsTestCompileClasspath,generatedJenkinsTestRuntimeClasspath,testCompileClasspath,testRuntimeClasspath
net.java.dev.msv:xsdlib:2013.6.1=annotationProcessor,generatedJenkinsTestRuntimeClasspath,testRuntimeClasspath
net.java.sezpoz:sezpoz:1.13=annotationProcessor,compileClasspath,generatedJenkinsTestCompileClasspath,generatedJenkinsTestRuntimeClasspath,testCompileClasspath,testRuntimeClasspath
net.jcip:jcip-annotations:1.0=annotationProcessor,compileClasspath,generatedJenkinsTestCompileClasspath,generatedJenkinsTestRuntimeClasspath,testCompileClasspath,testRuntimeClasspath
net.sf.ezmorph:ezmorph:1.0.6=annotationProcessor,compileClasspath,generatedJenkinsTestCompileClasspath,generatedJenkinsTestRuntimeClasspath,testCompileClasspath,testRuntimeClasspath
net.sf.jopt-simple:jopt-simple:4.6=jenkinsTestGeneration
net.sf.jopt-simple:jopt-simple:5.0.4=generatedJenkinsTestCompileClasspath,generatedJenkinsTestRuntimeClasspath,testCompileClasspath,testRuntimeClasspath
org.antlr:antlr4-runtime:4.13.1=annotationProcessor,compileClasspath,generatedJenkinsTestCompileClasspath,generatedJenkinsTestRuntimeClasspath,testCompileClasspath,testRuntimeClasspath
org.apache.ant:ant-launcher:1.10.14=annotationProcessor,compileClasspath,generatedJenkinsTestCompileClasspath,generatedJenkinsTestRuntimeClasspath,testCompileClasspath,testRuntimeClasspath
org.apache.ant:ant-launcher:1.7.0=localizeMessagesRuntimeClasspath
org.apache.ant:ant:1.10.14=annotationProcessor,compileClasspath,generatedJenkinsTestCompileClasspath,generatedJenkinsTestRuntimeClasspath,testCompileClasspath,testRuntimeClasspath
org.apache.ant:ant:1.7.0=localizeMessagesRuntimeClasspath
org.apache.commons:commons-compress:1.24.0=annotationProcessor,compileClasspath,generatedJenkinsTestCompileClasspath,generatedJenkinsTestRuntimeClasspath,testCompileClasspath,testRuntimeClasspath
org.apache.commons:commons-lang3:3.1=localizeMessagesRuntimeClasspath
org.apache.commons:commons-math3:3.2=generatedJenkinsTestCompileClasspath,generatedJenkinsTestRuntimeClasspath,jenkinsTestGeneration,testCompileClasspath,testRuntimeClasspath
org.apache.httpcomponents:fluent-hc:4.5.14=jpiAllPlugins,serverRuntimeClasspathJenkins,testCompileClasspath,testRuntimeClasspath,testRuntimeClasspathJenkins
org.apache.httpcomponents:httpasyncclient-cache:4.1.5=jpiAllPlugins,serverRuntimeClasspathJenkins,testCompileClasspath,testRuntimeClasspath,testRuntimeClasspathJenkins
org.apache.httpcomponents:httpasyncclient:4.1.5=jpiAllPlugins,serverRuntimeClasspathJenkins,testCompileClasspath,testRuntimeClasspath,testRuntimeClasspathJenkins
org.apache.httpcomponents:httpclient-cache:4.5.14=jpiAllPlugins,serverRuntimeClasspathJenkins,testCompileClasspath,testRuntimeClasspath,testRuntimeClasspathJenkins
org.apache.httpcomponents:httpclient:4.5.14=jpiAllPlugins,serverRuntimeClasspathJenkins,testCompileClasspath,testRuntimeClasspath,testRuntimeClasspathJenkins
org.apache.httpcomponents:httpcore-nio:4.4.16=jpiAllPlugins,serverRuntimeClasspathJenkins,testCompileClasspath,testRuntimeClasspath,testRuntimeClasspathJenkins
org.apache.httpcomponents:httpcore:4.4.16=jpiAllPlugins,serverRuntimeClasspathJenkins,testCompileClasspath,testRuntimeClasspath,testRuntimeClasspathJenkins
org.apache.httpcomponents:httpmime:4.5.14=jpiAllPlugins,serverRuntimeClasspathJenkins,testCompileClasspath,testRuntimeClasspath,testRuntimeClasspathJenkins
org.apache.ivy:ivy:2.5.2=jpiAllPlugins,serverRuntimeClasspathJenkins,testCompileClasspath,testRuntimeClasspath,testRuntimeClasspathJenkins
org.apache.maven.wagon:wagon-provider-api:1.0-alpha-5=localizeMessagesRuntimeClasspath
org.apache.maven:maven-archiver:2.0.1=localizeMessagesRuntimeClasspath
org.apache.maven:maven-artifact-manager:2.0.1=localizeMessagesRuntimeClasspath
org.apache.maven:maven-artifact:2.0.1=localizeMessagesRuntimeClasspath
org.apache.maven:maven-model:2.0.1=localizeMessagesRuntimeClasspath
org.apache.maven:maven-plugin-api:2.0.1=jenkinsAccessModifier,localizeMessagesRuntimeClasspath
org.apache.maven:maven-profile:2.0.1=localizeMessagesRuntimeClasspath
org.apache.maven:maven-project:2.0.1=localizeMessagesRuntimeClasspath
org.apache.maven:maven-repository-metadata:2.0.1=localizeMessagesRuntimeClasspath
org.apache.sshd:sshd-common:2.12.0=jpiAllPlugins,serverRuntimeClasspathJenkins,testCompileClasspath,testRuntimeClasspath,testRuntimeClasspathJenkins
org.apache.sshd:sshd-core:2.12.0=jpiAllPlugins,serverRuntimeClasspathJenkins,testCompileClasspath,testRuntimeClasspath,testRuntimeClasspathJenkins
org.apiguardian:apiguardian-api:1.1.2=generatedJenkinsTestCompileClasspath,testCompileClasspath
org.assertj:assertj-core:3.25.3=jpiAllPlugins,serverRuntimeClasspathJenkins,testCompileClasspath,testRuntimeClasspath,testRuntimeClasspathJenkins
org.bouncycastle:bcpkix-jdk18on:1.77=jpiAllPlugins,serverRuntimeClasspathJenkins,testCompileClasspath,testRuntimeClasspath,testRuntimeClasspathJenkins
org.bouncycastle:bcprov-jdk18on:1.77=jpiAllPlugins,serverRuntimeClasspathJenkins,testCompileClasspath,testRuntimeClasspath,testRuntimeClasspathJenkins
org.bouncycastle:bcutil-jdk18on:1.77=jpiAllPlugins,serverRuntimeClasspathJenkins,testCompileClasspath,testRuntimeClasspath,testRuntimeClasspathJenkins
org.brotli:dec:0.1.2=generatedJenkinsTestCompileClasspath,generatedJenkinsTestRuntimeClasspath,jenkinsTestGeneration,testCompileClasspath,testRuntimeClasspath
org.checkerframework:checker-qual:3.33.0=annotationProcessor,compileClasspath,generatedJenkinsTestCompileClasspath,generatedJenkinsTestRuntimeClasspath,testCompileClasspath,testRuntimeClasspath
org.codehaus.groovy:groovy-all:2.4.21=annotationProcessor,compileClasspath,generatedJenkinsTestCompileClasspath,generatedJenkinsTestRuntimeClasspath,testCompileClasspath,testRuntimeClasspath
org.codehaus.plexus:plexus-archiver:1.0-alpha-4=localizeMessagesRuntimeClasspath
org.codehaus.plexus:plexus-container-default:1.0-alpha-9=localizeMessagesRuntimeClasspath
org.codehaus.plexus:plexus-utils:1.0.5=localizeMessagesRuntimeClasspath
org.codehaus.woodstox:stax2-api:4.2.1=testCompileClasspath,testRuntimeClasspath
org.connectbot.jbcrypt:jbcrypt:1.0.0=annotationProcessor,compileClasspath,generatedJenkinsTestCompileClasspath,generatedJenkinsTestRuntimeClasspath,testCompileClasspath,testRuntimeClasspath
org.dom4j:dom4j:2.1.4=annotationProcessor,compileClasspath,generatedJenkinsTestCompileClasspath,generatedJenkinsTestRuntimeClasspath,testCompileClasspath,testRuntimeClasspath
org.eclipse.jetty.websocket:websocket-api:9.4.39.v20210325=jenkinsTestGeneration
org.eclipse.jetty.websocket:websocket-api:9.4.48.v20220622=generatedJenkinsTestCompileClasspath,generatedJenkinsTestRuntimeClasspath,testCompileClasspath,testRuntimeClasspath
org.eclipse.jetty.websocket:websocket-client:9.4.39.v20210325=jenkinsTestGeneration
org.eclipse.jetty.websocket:websocket-client:9.4.48.v20220622=generatedJenkinsTestCompileClasspath,generatedJenkinsTestRuntimeClasspath,testCompileClasspath,testRuntimeClasspath
org.eclipse.jetty.websocket:websocket-common:9.4.39.v20210325=jenkinsTestGeneration
org.eclipse.jetty.websocket:websocket-common:9.4.48.v20220622=generatedJenkinsTestCompileClasspath,generatedJenkinsTestRuntimeClasspath,testCompileClasspath,testRuntimeClasspath
org.eclipse.jetty.websocket:websocket-server:9.4.39.v20210325=jenkinsTestGeneration
org.eclipse.jetty.websocket:websocket-server:9.4.48.v20220622=generatedJenkinsTestCompileClasspath,generatedJenkinsTestRuntimeClasspath,testCompileClasspath,testRuntimeClasspath
org.eclipse.jetty.websocket:websocket-servlet:9.4.39.v20210325=jenkinsTestGeneration
org.eclipse.jetty.websocket:websocket-servlet:9.4.48.v20220622=generatedJenkinsTestCompileClasspath,generatedJenkinsTestRuntimeClasspath,testCompileClasspath,testRuntimeClasspath
org.eclipse.jetty:jetty-client:9.4.39.v20210325=jenkinsTestGeneration
org.eclipse.jetty:jetty-client:9.4.48.v20220622=generatedJenkinsTestCompileClasspath,generatedJenkinsTestRuntimeClasspath,testCompileClasspath,testRuntimeClasspath
org.eclipse.jetty:jetty-http:9.4.39.v20210325=jenkinsTestGeneration
org.eclipse.jetty:jetty-http:9.4.48.v20220622=generatedJenkinsTestCompileClasspath,generatedJenkinsTestRuntimeClasspath,testCompileClasspath,testRuntimeClasspath
org.eclipse.jetty:jetty-io:9.4.39.v20210325=jenkinsTestGeneration
org.eclipse.jetty:jetty-io:9.4.48.v20220622=generatedJenkinsTestCompileClasspath,generatedJenkinsTestRuntimeClasspath,testCompileClasspath,testRuntimeClasspath
org.eclipse.jetty:jetty-security:9.4.39.v20210325=jenkinsTestGeneration
org.eclipse.jetty:jetty-security:9.4.48.v20220622=generatedJenkinsTestCompileClasspath,generatedJenkinsTestRuntimeClasspath,testCompileClasspath,testRuntimeClasspath
org.eclipse.jetty:jetty-server:9.4.39.v20210325=jenkinsTestGeneration
org.eclipse.jetty:jetty-server:9.4.48.v20220622=generatedJenkinsTestCompileClasspath,generatedJenkinsTestRuntimeClasspath,testCompileClasspath,testRuntimeClasspath
org.eclipse.jetty:jetty-servlet:9.4.39.v20210325=jenkinsTestGeneration
org.eclipse.jetty:jetty-servlet:9.4.48.v20220622=generatedJenkinsTestCompileClasspath,generatedJenkinsTestRuntimeClasspath,testCompileClasspath,testRuntimeClasspath
org.eclipse.jetty:jetty-util-ajax:9.4.39.v20210325=jenkinsTestGeneration
org.eclipse.jetty:jetty-util-ajax:9.4.48.v20220622=generatedJenkinsTestCompileClasspath,generatedJenkinsTestRuntimeClasspath,testCompileClasspath,testRuntimeClasspath
org.eclipse.jetty:jetty-util:9.4.39.v20210325=jenkinsTestGeneration
org.eclipse.jetty:jetty-util:9.4.48.v20220622=generatedJenkinsTestCompileClasspath,generatedJenkinsTestRuntimeClasspath,testCompileClasspath,testRuntimeClasspath
org.eclipse.jetty:jetty-webapp:9.4.39.v20210325=jenkinsTestGeneration
org.eclipse.jetty:jetty-webapp:9.4.48.v20220622=generatedJenkinsTestCompileClasspath,generatedJenkinsTestRuntimeClasspath,testCompileClasspath,testRuntimeClasspath
org.eclipse.jetty:jetty-xml:9.4.39.v20210325=jenkinsTestGeneration
org.eclipse.jetty:jetty-xml:9.4.48.v20220622=generatedJenkinsTestCompileClasspath,generatedJenkinsTestRuntimeClasspath,testCompileClasspath,testRuntimeClasspath
org.eclipse.jgit:org.eclipse.jgit.http.apache:6.8.0.202311291450-r=jpiAllPlugins,serverRuntimeClasspathJenkins,testCompileClasspath,testRuntimeClasspath,testRuntimeClasspathJenkins
org.eclipse.jgit:org.eclipse.jgit.http.server:6.8.0.202311291450-r=jpiAllPlugins,serverRuntimeClasspathJenkins,testCompileClasspath,testRuntimeClasspath,testRuntimeClasspathJenkins
org.eclipse.jgit:org.eclipse.jgit.lfs:6.8.0.202311291450-r=jpiAllPlugins,serverRuntimeClasspathJenkins,testCompileClasspath,testRuntimeClasspath,testRuntimeClasspathJenkins
org.eclipse.jgit:org.eclipse.jgit.ssh.apache:6.8.0.202311291450-r=jpiAllPlugins,serverRuntimeClasspathJenkins,testCompileClasspath,testRuntimeClasspath,testRuntimeClasspathJenkins
org.eclipse.jgit:org.eclipse.jgit:5.13.1.202206130422-r=generateGitVersion
org.eclipse.jgit:org.eclipse.jgit:6.8.0.202311291450-r=jpiAllPlugins,serverRuntimeClasspathJenkins,testCompileClasspath,testRuntimeClasspath,testRuntimeClasspathJenkins
org.fusesource.jansi:jansi:1.11=annotationProcessor,compileClasspath,generatedJenkinsTestCompileClasspath,generatedJenkinsTestRuntimeClasspath,testCompileClasspath,testRuntimeClasspath
org.hamcrest:hamcrest-core:2.2=generatedJenkinsTestCompileClasspath,generatedJenkinsTestRuntimeClasspath,jenkinsTestGeneration,testCompileClasspath,testRuntimeClasspath
org.hamcrest:hamcrest-library:2.2=generatedJenkinsTestCompileClasspath,generatedJenkinsTestRuntimeClasspath,jenkinsTestGeneration,testCompileClasspath,testRuntimeClasspath
org.hamcrest:hamcrest:2.2=generatedJenkinsTestCompileClasspath,generatedJenkinsTestRuntimeClasspath,jenkinsTestGeneration,testCompileClasspath,testRuntimeClasspath
org.jboss.marshalling:jboss-marshalling-river:2.1.2.Final=compileClasspath,jpiAllPlugins,serverRuntimeClasspathJenkins,testCompileClasspath,testRuntimeClasspath,testRuntimeClasspathJenkins
org.jboss.marshalling:jboss-marshalling:2.1.2.Final=compileClasspath,testCompileClasspath,testRuntimeClasspath
org.jenkins-ci.main:cli:2.426=annotationProcessor,compileClasspath,generatedJenkinsTestCompileClasspath,generatedJenkinsTestRuntimeClasspath,testCompileClasspath,testRuntimeClasspath
org.jenkins-ci.main:jenkins-bom:2.426=annotationProcessor,compileClasspath,generatedJenkinsTestCompileClasspath,generatedJenkinsTestRuntimeClasspath,jpiAllPlugins,serverRuntimeClasspathJenkins,testCompileClasspath,testRuntimeClasspath,testRuntimeClasspathJenkins
org.jenkins-ci.main:jenkins-core:2.426=annotationProcessor,compileClasspath,generatedJenkinsTestCompileClasspath,generatedJenkinsTestRuntimeClasspath,jpiAllPlugins,serverRuntimeClasspathJenkins,testCompileClasspath,testRuntimeClasspath,testRuntimeClasspathJenkins
org.jenkins-ci.main:jenkins-test-harness-htmlunit:115.v76ea_b_b_b_2e167=generatedJenkinsTestCompileClasspath,generatedJenkinsTestRuntimeClasspath,testCompileClasspath,testRuntimeClasspath
org.jenkins-ci.main:jenkins-test-harness-htmlunit:3=jenkinsTestGeneration
org.jenkins-ci.main:jenkins-test-harness:1529.v4fd5bafdcd33=jenkinsTestGeneration
org.jenkins-ci.main:jenkins-test-harness:1837.vb_6efb_1790942=generatedJenkinsTestCompileClasspath,generatedJenkinsTestRuntimeClasspath,jpiAllPlugins,serverRuntimeClasspathJenkins,testCompileClasspath,testRuntimeClasspath,testRuntimeClasspathJenkins
org.jenkins-ci.main:jenkins-war:2.426=declaredJenkinsWar,jenkinsServerRuntimeOnly
org.jenkins-ci.main:remoting:3148.v532a_7e715ee3=annotationProcessor,compileClasspath,generatedJenkinsTestCompileClasspath,generatedJenkinsTestRuntimeClasspath,testCompileClasspath,testRuntimeClasspath
org.jenkins-ci.main:websocket-spi:2.426=annotationProcessor,compileClasspath,generatedJenkinsTestCompileClasspath,generatedJenkinsTestRuntimeClasspath,testCompileClasspath,testRuntimeClasspath
org.jenkins-ci.modules:instance-identity:185.v303dc7c645f9=jpiAllPlugins,serverRuntimeClasspathJenkins,testCompileClasspath,testRuntimeClasspath,testRuntimeClasspathJenkins
org.jenkins-ci.plugins.workflow:workflow-api:1291.v51fd2a_625da_7=compileClasspath,jpiAllPlugins,serverRuntimeClasspathJenkins,testCompileClasspath,testRuntimeClasspath,testRuntimeClasspathJenkins
org.jenkins-ci.plugins.workflow:workflow-basic-steps:1042.ve7b_140c4a_e0c=jpiAllPlugins,serverRuntimeClasspathJenkins,testCompileClasspath,testRuntimeClasspath,testRuntimeClasspathJenkins
org.jenkins-ci.plugins.workflow:workflow-cps:3853.vb_a_490d892963=jpiAllPlugins,serverRuntimeClasspathJenkins,testCompileClasspath,testRuntimeClasspath,testRuntimeClasspathJenkins
org.jenkins-ci.plugins.workflow:workflow-durable-task-step:1331.vc8c2fed35334=jpiAllPlugins,serverRuntimeClasspathJenkins,testCompileClasspath,testRuntimeClasspath,testRuntimeClasspathJenkins
org.jenkins-ci.plugins.workflow:workflow-job:1385.vb_58b_86ea_fff1=compileClasspath,jpiAllPlugins,serverRuntimeClasspathJenkins,testCompileClasspath,testRuntimeClasspath,testRuntimeClasspathJenkins
org.jenkins-ci.plugins.workflow:workflow-multibranch:773.vc4fe1378f1d5=jpiAllPlugins,serverRuntimeClasspathJenkins,testCompileClasspath,testRuntimeClasspath,testRuntimeClasspathJenkins
org.jenkins-ci.plugins.workflow:workflow-scm-step:415.v434365564324=jpiAllPlugins,serverRuntimeClasspathJenkins,testCompileClasspath,testRuntimeClasspath,testRuntimeClasspathJenkins
org.jenkins-ci.plugins.workflow:workflow-step-api:657.v03b_e8115821b_=compileClasspath,jpiAllPlugins,serverRuntimeClasspathJenkins,testCompileClasspath,testRuntimeClasspath,testRuntimeClasspathJenkins
org.jenkins-ci.plugins.workflow:workflow-support:865.v43e78cc44e0d=compileClasspath,jpiAllPlugins,serverRuntimeClasspathJenkins,testCompileClasspath,testRuntimeClasspath,testRuntimeClasspathJenkins
org.jenkins-ci.plugins:apache-httpcomponents-client-4-api:4.5.14-208.v438351942757=jpiAllPlugins,serverRuntimeClasspathJenkins,testCompileClasspath,testRuntimeClasspath,testRuntimeClasspathJenkins
org.jenkins-ci.plugins:bouncycastle-api:2.30.1.77-225.v26ea_c9455fd9=jpiAllPlugins,serverRuntimeClasspathJenkins,testCompileClasspath,testRuntimeClasspath,testRuntimeClasspathJenkins
org.jenkins-ci.plugins:branch-api:2.1144.v1425d1c3d5a_7=jpiAllPlugins,serverRuntimeClasspathJenkins,testCompileClasspath,testRuntimeClasspath,testRuntimeClasspathJenkins
org.jenkins-ci.plugins:cloudbees-folder:6.858.v898218f3609d=jpiAllPlugins,serverRuntimeClasspathJenkins,testCompileClasspath,testRuntimeClasspath,testRuntimeClasspathJenkins
org.jenkins-ci.plugins:credentials-binding:657.v2b_19db_7d6e6d=jpiAllPlugins,serverRuntimeClasspathJenkins,testCompileClasspath,testRuntimeClasspath,testRuntimeClasspathJenkins
org.jenkins-ci.plugins:credentials:1319.v7eb_51b_3a_c97b_=jpiAllPlugins,serverRuntimeClasspathJenkins,testCompileClasspath,testRuntimeClasspath,testRuntimeClasspathJenkins
org.jenkins-ci.plugins:display-url-api:2.200.vb_9327d658781=jpiAllPlugins,serverRuntimeClasspathJenkins,testCompileClasspath,testRuntimeClasspath,testRuntimeClasspathJenkins
org.jenkins-ci.plugins:durable-task:550.v0930093c4b_a_6=jpiAllPlugins,serverRuntimeClasspathJenkins,testCompileClasspath,testRuntimeClasspath,testRuntimeClasspathJenkins
org.jenkins-ci.plugins:git-client:4.6.0=jpiAllPlugins,serverRuntimeClasspathJenkins,testCompileClasspath,testRuntimeClasspath,testRuntimeClasspathJenkins
org.jenkins-ci.plugins:jackson2-api:2.16.1-373.ve709c6871598=jpiAllPlugins,serverRuntimeClasspathJenkins,testCompileClasspath,testRuntimeClasspath,testRuntimeClasspathJenkins
org.jenkins-ci.plugins:mailer:463.vedf8358e006b_=jpiAllPlugins,serverRuntimeClasspathJenkins,testCompileClasspath,testRuntimeClasspath,testRuntimeClasspathJenkins
org.jenkins-ci.plugins:pipeline-input-step:477.v339683a_8d55e=jpiAllPlugins,serverRuntimeClasspathJenkins,testCompileClasspath,testRuntimeClasspath,testRuntimeClasspathJenkins
org.jenkins-ci.plugins:pipeline-stage-step:305.ve96d0205c1c6=jpiAllPlugins,serverRuntimeClasspathJenkins,testCompileClasspath,testRuntimeClasspath,testRuntimeClasspathJenkins
org.jenkins-ci.plugins:plain-credentials:143.v1b_df8b_d3b_e48=jpiAllPlugins,serverRuntimeClasspathJenkins,testCompileClasspath,testRuntimeClasspath,testRuntimeClasspathJenkins
org.jenkins-ci.plugins:scm-api:683.vb_16722fb_b_80b_=compileClasspath,jpiAllPlugins,serverRuntimeClasspathJenkins,testCompileClasspath,testRuntimeClasspath,testRuntimeClasspathJenkins
org.jenkins-ci.plugins:script-security:1321.va_73c0795b_923=compileClasspath,jpiAllPlugins,serverRuntimeClasspathJenkins,testCompileClasspath,testRuntimeClasspath,testRuntimeClasspathJenkins
org.jenkins-ci.plugins:ssh-credentials:308.ve4497b_ccd8f4=jpiAllPlugins,serverRuntimeClasspathJenkins,testCompileClasspath,testRuntimeClasspath,testRuntimeClasspathJenkins
org.jenkins-ci.plugins:structs:337.v1b_04ea_4df7c8=compileClasspath,jpiAllPlugins,serverRuntimeClasspathJenkins,testCompileClasspath,testRuntimeClasspath,testRuntimeClasspathJenkins
org.jenkins-ci.plugins:trilead-api:2.133.vfb_8a_7b_9c5dd1=jpiAllPlugins,serverRuntimeClasspathJenkins,testCompileClasspath,testRuntimeClasspath,testRuntimeClasspathJenkins
org.jenkins-ci.plugins:variant:60.v7290fc0eb_b_cd=jpiAllPlugins,serverRuntimeClasspathJenkins,testCompileClasspath,testRuntimeClasspath,testRuntimeClasspathJenkins
org.jenkins-ci:annotation-indexer:1.15=jenkinsAccessModifier
org.jenkins-ci:annotation-indexer:1.17=annotationProcessor,compileClasspath,generatedJenkinsTestCompileClasspath,generatedJenkinsTestRuntimeClasspath,testCompileClasspath,testRuntimeClasspath
org.jenkins-ci:annotation-indexer:1.4=localizeMessagesRuntimeClasspath
org.jenkins-ci:commons-jelly:1.1-jenkins-20230713=annotationProcessor,compileClasspath,generatedJenkinsTestCompileClasspath,generatedJenkinsTestRuntimeClasspath,testCompileClasspath,testRuntimeClasspath
org.jenkins-ci:commons-jexl:1.1-jenkins-20111212=annotationProcessor,compileClasspath,generatedJenkinsTestCompileClasspath,generatedJenkinsTestRuntimeClasspath,testCompileClasspath,testRuntimeClasspath
org.jenkins-ci:crypto-util:1.9=annotationProcessor,compileClasspath,generatedJenkinsTestCompileClasspath,generatedJenkinsTestRuntimeClasspath,testCompileClasspath,testRuntimeClasspath
org.jenkins-ci:memory-monitor:1.12=annotationProcessor,compileClasspath,generatedJenkinsTestCompileClasspath,generatedJenkinsTestRuntimeClasspath,testCompileClasspath,testRuntimeClasspath
org.jenkins-ci:symbol-annotation:1.24=annotationProcessor,compileClasspath,generatedJenkinsTestCompileClasspath,generatedJenkinsTestRuntimeClasspath,testCompileClasspath,testRuntimeClasspath
org.jenkins-ci:task-reactor:1.8=annotationProcessor,compileClasspath,generatedJenkinsTestCompileClasspath,generatedJenkinsTestRuntimeClasspath,testCompileClasspath,testRuntimeClasspath
org.jenkins-ci:trilead-ssh2:build-217-jenkins-274.va_969b_d35f933=jpiAllPlugins,serverRuntimeClasspathJenkins,testCompileClasspath,testRuntimeClasspath,testRuntimeClasspathJenkins
org.jenkins-ci:version-number:1.11=annotationProcessor,compileClasspath,generatedJenkinsTestCompileClasspath,generatedJenkinsTestRuntimeClasspath,testCompileClasspath,testRuntimeClasspath
org.jenkinsci.plugins:pipeline-model-api:2.2175.v76a_fff0a_2618=jpiAllPlugins,serverRuntimeClasspathJenkins,testCompileClasspath,testRuntimeClasspath,testRuntimeClasspathJenkins
org.jenkinsci.plugins:pipeline-model-definition:2.2175.v76a_fff0a_2618=jpiAllPlugins,serverRuntimeClasspathJenkins,testCompileClasspath,testRuntimeClasspath,testRuntimeClasspathJenkins
org.jenkinsci.plugins:pipeline-model-extensions:2.2175.v76a_fff0a_2618=jpiAllPlugins,serverRuntimeClasspathJenkins,testCompileClasspath,testRuntimeClasspath,testRuntimeClasspathJenkins
org.jenkinsci.plugins:pipeline-stage-tags-metadata:2.2175.v76a_fff0a_2618=jpiAllPlugins,serverRuntimeClasspathJenkins,testCompileClasspath,testRuntimeClasspath,testRuntimeClasspathJenkins
org.jetbrains.kotlin:kotlin-stdlib:1.9.20=compileClasspath,jpiAllPlugins,runtimeClasspath,runtimeClasspathJenkins,serverRuntimeClasspathJenkins,testCompileClasspath,testRuntimeClasspath,testRuntimeClasspathJenkins
org.jetbrains:annotations:13.0=compileClasspath,runtimeClasspath,testCompileClasspath,testRuntimeClasspath
org.jfree:jcommon:1.0.23=annotationProcessor,compileClasspath,generatedJenkinsTestCompileClasspath,generatedJenkinsTestRuntimeClasspath,testCompileClasspath,testRuntimeClasspath
org.jfree:jfreechart:1.0.19=annotationProcessor,compileClasspath,generatedJenkinsTestCompileClasspath,generatedJenkinsTestRuntimeClasspath,testCompileClasspath,testRuntimeClasspath
org.json:json:20231013=jpiAllPlugins,serverRuntimeClasspathJenkins,testCompileClasspath,testRuntimeClasspath,testRuntimeClasspathJenkins
org.junit.jupiter:junit-jupiter-api:5.10.2=testCompileClasspath,testRuntimeClasspath
org.junit.jupiter:junit-jupiter-api:5.9.0=generatedJenkinsTestCompileClasspath
org.junit.jupiter:junit-jupiter-api:5.9.1=generatedJenkinsTestRuntimeClasspath
org.junit.jupiter:junit-jupiter-engine:5.10.2=testRuntimeClasspath
org.junit.jupiter:junit-jupiter-params:5.10.2=testCompileClasspath,testRuntimeClasspath
org.junit.jupiter:junit-jupiter:5.10.2=jpiAllPlugins,serverRuntimeClasspathJenkins,testCompileClasspath,testRuntimeClasspath,testRuntimeClasspathJenkins
org.junit.platform:junit-platform-commons:1.10.2=testCompileClasspath,testRuntimeClasspath
org.junit.platform:junit-platform-commons:1.9.0=generatedJenkinsTestCompileClasspath
org.junit.platform:junit-platform-commons:1.9.1=generatedJenkinsTestRuntimeClasspath
org.junit.platform:junit-platform-engine:1.10.2=testRuntimeClasspath
org.junit.platform:junit-platform-launcher:1.10.2=jpiAllPlugins,serverRuntimeClasspathJenkins,testRuntimeClasspath,testRuntimeClasspathJenkins
org.junit:junit-bom:5.10.2=testCompileClasspath,testRuntimeClasspath
org.junit:junit-bom:5.9.0=generatedJenkinsTestCompileClasspath
org.junit:junit-bom:5.9.1=annotationProcessor,generatedJenkinsTestRuntimeClasspath
org.jvnet.hudson:commons-jelly-tags-define:1.1-jenkins-20230713=annotationProcessor,compileClasspath,generatedJenkinsTestCompileClasspath,generatedJenkinsTestRuntimeClasspath,testCompileClasspath,testRuntimeClasspath
org.jvnet.hudson:embedded-rhino-debugger:1.2=generatedJenkinsTestCompileClasspath,generatedJenkinsTestRuntimeClasspath,jenkinsTestGeneration,testCompileClasspath,testRuntimeClasspath
org.jvnet.localizer:localizer:1.24=localizeMessagesRuntimeClasspath
org.jvnet.localizer:localizer:1.31=annotationProcessor,compileClasspath,generatedJenkinsTestCompileClasspath,generatedJenkinsTestRuntimeClasspath,testCompileClasspath,testRuntimeClasspath
org.jvnet.localizer:maven-localizer-plugin:1.24=localizeMessagesRuntimeClasspath
org.jvnet.robust-http-client:robust-http-client:1.2=annotationProcessor,compileClasspath,generatedJenkinsTestCompileClasspath,generatedJenkinsTestRuntimeClasspath,testCompileClasspath,testRuntimeClasspath
org.jvnet.winp:winp:1.30=annotationProcessor,compileClasspath,generatedJenkinsTestCompileClasspath,generatedJenkinsTestRuntimeClasspath,testCompileClasspath,testRuntimeClasspath
org.jvnet:tiger-types:2.2=annotationProcessor,compileClasspath,generatedJenkinsTestCompileClasspath,generatedJenkinsTestRuntimeClasspath,testCompileClasspath,testRuntimeClasspath
org.kohsuke.jinterop:j-interop:2.0.8-kohsuke-1=annotationProcessor,compileClasspath,generatedJenkinsTestCompileClasspath,generatedJenkinsTestRuntimeClasspath,testCompileClasspath,testRuntimeClasspath
org.kohsuke.jinterop:j-interopdeps:2.0.8-kohsuke-1=annotationProcessor,compileClasspath,generatedJenkinsTestCompileClasspath,generatedJenkinsTestRuntimeClasspath,testCompileClasspath,testRuntimeClasspath
org.kohsuke.stapler:json-lib:2.4-jenkins-3=annotationProcessor,compileClasspath,generatedJenkinsTestCompileClasspath,generatedJenkinsTestRuntimeClasspath,testCompileClasspath,testRuntimeClasspath
org.kohsuke.stapler:stapler-adjunct-codemirror:1.3=annotationProcessor,compileClasspath,generatedJenkinsTestCompileClasspath,generatedJenkinsTestRuntimeClasspath,testCompileClasspath,testRuntimeClasspath
org.kohsuke.stapler:stapler-adjunct-timeline:1.5=annotationProcessor,compileClasspath,generatedJenkinsTestCompileClasspath,generatedJenkinsTestRuntimeClasspath,testCompileClasspath,testRuntimeClasspath
org.kohsuke.stapler:stapler-groovy:1814.vdc9dd5217ee2=annotationProcessor,compileClasspath,generatedJenkinsTestCompileClasspath,generatedJenkinsTestRuntimeClasspath,testCompileClasspath,testRuntimeClasspath
org.kohsuke.stapler:stapler-jelly:1814.vdc9dd5217ee2=annotationProcessor,compileClasspath,generatedJenkinsTestCompileClasspath,generatedJenkinsTestRuntimeClasspath,testCompileClasspath,testRuntimeClasspath
org.kohsuke.stapler:stapler:1814.vdc9dd5217ee2=annotationProcessor,compileClasspath,generatedJenkinsTestCompileClasspath,generatedJenkinsTestRuntimeClasspath,testCompileClasspath,testRuntimeClasspath
org.kohsuke:access-modifier-annotation:1.27=jenkinsAccessModifier
org.kohsuke:access-modifier-annotation:1.33=annotationProcessor,compileClasspath,generatedJenkinsTestCompileClasspath,generatedJenkinsTestRuntimeClasspath,testCompileClasspath,testRuntimeClasspath
org.kohsuke:access-modifier-annotation:1.4=localizeMessagesRuntimeClasspath
org.kohsuke:access-modifier-checker:1.27=jenkinsAccessModifier
org.kohsuke:access-modifier-suppressions:1.27=jenkinsAccessModifier
org.kohsuke:groovy-sandbox:1.33=compileClasspath,jpiAllPlugins,serverRuntimeClasspathJenkins,testCompileClasspath,testRuntimeClasspath,testRuntimeClasspathJenkins
org.kohsuke:trilead-putty-extension:1.2=jpiAllPlugins,serverRuntimeClasspathJenkins,testCompileClasspath,testRuntimeClasspath,testRuntimeClasspathJenkins
org.kohsuke:windows-package-checker:1.2=annotationProcessor,compileClasspath,generatedJenkinsTestCompileClasspath,generatedJenkinsTestRuntimeClasspath,testCompileClasspath,testRuntimeClasspath
org.mockito.kotlin:mockito-kotlin:5.2.1=jpiAllPlugins,serverRuntimeClasspathJenkins,testCompileClasspath,testRuntimeClasspath,testRuntimeClasspathJenkins
org.mockito:mockito-core:5.7.0=testCompileClasspath,testRuntimeClasspath
org.mockito:mockito-inline:5.2.0=jpiAllPlugins,serverRuntimeClasspathJenkins,testCompileClasspath,testRuntimeClasspath,testRuntimeClasspathJenkins
org.mozilla:rhino:1.7.7.2=testCompileClasspath,testRuntimeClasspath
org.netbeans.modules:org-netbeans-insane:RELEASE123=jenkinsTestGeneration
org.netbeans.modules:org-netbeans-insane:RELEASE140=generatedJenkinsTestCompileClasspath,generatedJenkinsTestRuntimeClasspath,testCompileClasspath,testRuntimeClasspath
org.objenesis:objenesis:3.3=testRuntimeClasspath
org.openjdk.jmh:jmh-core:1.29=jenkinsTestGeneration
org.openjdk.jmh:jmh-core:1.35=generatedJenkinsTestCompileClasspath,generatedJenkinsTestRuntimeClasspath,testCompileClasspath,testRuntimeClasspath
org.openjdk.jmh:jmh-generator-annprocess:1.29=jenkinsTestGeneration
org.openjdk.jmh:jmh-generator-annprocess:1.35=generatedJenkinsTestCompileClasspath,generatedJenkinsTestRuntimeClasspath,testCompileClasspath,testRuntimeClasspath
org.opentest4j:opentest4j:1.2.0=generatedJenkinsTestCompileClasspath,generatedJenkinsTestRuntimeClasspath
org.opentest4j:opentest4j:1.3.0=testCompileClasspath,testRuntimeClasspath
org.ow2.asm:asm-analysis:9.6=annotationProcessor,compileClasspath,generatedJenkinsTestCompileClasspath,generatedJenkinsTestRuntimeClasspath,testCompileClasspath,testRuntimeClasspath
org.ow2.asm:asm-commons:9.6=annotationProcessor,compileClasspath,generatedJenkinsTestCompileClasspath,generatedJenkinsTestRuntimeClasspath,testCompileClasspath,testRuntimeClasspath
org.ow2.asm:asm-tree:9.6=annotationProcessor,compileClasspath,generatedJenkinsTestCompileClasspath,generatedJenkinsTestRuntimeClasspath,testCompileClasspath,testRuntimeClasspath
org.ow2.asm:asm-util:9.6=annotationProcessor,compileClasspath,generatedJenkinsTestCompileClasspath,generatedJenkinsTestRuntimeClasspath,testCompileClasspath,testRuntimeClasspath
org.ow2.asm:asm:9.2=jenkinsAccessModifier
org.ow2.asm:asm:9.6=annotationProcessor,compileClasspath,generatedJenkinsTestCompileClasspath,generatedJenkinsTestRuntimeClasspath,testCompileClasspath,testRuntimeClasspath
org.samba.jcifs:jcifs:1.3.18-kohsuke-1=annotationProcessor,compileClasspath,generatedJenkinsTestCompileClasspath,generatedJenkinsTestRuntimeClasspath,testCompileClasspath,testRuntimeClasspath
org.slf4j:jcl-over-slf4j:2.0.9=annotationProcessor,compileClasspath,generatedJenkinsTestCompileClasspath,generatedJenkinsTestRuntimeClasspath,testCompileClasspath,testRuntimeClasspath
org.slf4j:log4j-over-slf4j:2.0.9=annotationProcessor,compileClasspath,generatedJenkinsTestCompileClasspath,generatedJenkinsTestRuntimeClasspath,testCompileClasspath,testRuntimeClasspath
org.slf4j:slf4j-api:1.7.30=generateGitVersion
org.slf4j:slf4j-api:2.0.9=annotationProcessor,compileClasspath,generatedJenkinsTestCompileClasspath,generatedJenkinsTestRuntimeClasspath,testCompileClasspath
org.slf4j:slf4j-api:2.1.0-alpha1=jpiAllPlugins,serverRuntimeClasspathJenkins,testRuntimeClasspath,testRuntimeClasspathJenkins
org.springframework.security:spring-security-core:5.8.7=annotationProcessor,compileClasspath,generatedJenkinsTestCompileClasspath,generatedJenkinsTestRuntimeClasspath,testCompileClasspath,testRuntimeClasspath
org.springframework.security:spring-security-crypto:5.8.7=annotationProcessor,compileClasspath,generatedJenkinsTestCompileClasspath,generatedJenkinsTestRuntimeClasspath,testCompileClasspath,testRuntimeClasspath
org.springframework.security:spring-security-web:5.8.7=annotationProcessor,compileClasspath,generatedJenkinsTestCompileClasspath,generatedJenkinsTestRuntimeClasspath,testCompileClasspath,testRuntimeClasspath
org.springframework:spring-aop:5.3.29=annotationProcessor,compileClasspath,generatedJenkinsTestCompileClasspath,generatedJenkinsTestRuntimeClasspath,testCompileClasspath,testRuntimeClasspath
org.springframework:spring-beans:5.3.29=annotationProcessor,compileClasspath,generatedJenkinsTestCompileClasspath,generatedJenkinsTestRuntimeClasspath,testCompileClasspath,testRuntimeClasspath
org.springframework:spring-context:5.3.29=annotationProcessor,compileClasspath,generatedJenkinsTestCompileClasspath,generatedJenkinsTestRuntimeClasspath,testCompileClasspath,testRuntimeClasspath
org.springframework:spring-core:5.3.29=annotationProcessor,compileClasspath,generatedJenkinsTestCompileClasspath,generatedJenkinsTestRuntimeClasspath,testCompileClasspath,testRuntimeClasspath
org.springframework:spring-expression:5.3.29=annotationProcessor,compileClasspath,generatedJenkinsTestCompileClasspath,generatedJenkinsTestRuntimeClasspath,testCompileClasspath,testRuntimeClasspath
org.springframework:spring-web:5.3.29=annotationProcessor,compileClasspath,generatedJenkinsTestCompileClasspath,generatedJenkinsTestRuntimeClasspath,testCompileClasspath,testRuntimeClasspath
org.yaml:snakeyaml:2.2=jpiAllPlugins,serverRuntimeClasspathJenkins,testCompileClasspath,testRuntimeClasspath,testRuntimeClasspathJenkins
pull-parser:pull-parser:2.1.10=annotationProcessor,generatedJenkinsTestRuntimeClasspath,testRuntimeClasspath
relaxngDatatype:relaxngDatatype:20020414=annotationProcessor,compileClasspath,generatedJenkinsTestCompileClasspath,generatedJenkinsTestRuntimeClasspath,testCompileClasspath,testRuntimeClasspath
xalan:serializer:2.7.2=jenkinsTestGeneration
xerces:xerces:2.2.1=annotationProcessor,compileClasspath,generatedJenkinsTestCompileClasspath,generatedJenkinsTestRuntimeClasspath,testCompileClasspath,testRuntimeClasspath
xml-apis:xml-apis:1.4.01=jenkinsTestGeneration
xpp3:xpp3:1.1.4c=annotationProcessor,compileClasspath,generatedJenkinsTestCompileClasspath,generatedJenkinsTestRuntimeClasspath,testCompileClasspath,testRuntimeClasspath
empty=generatedJenkinsTestAnnotationProcessor,jenkinsPlugins,jenkinsTest,optionalJenkinsPlugins,testAnnotationProcessor
